// !$*UTF8*$!
{
	archiveVersion = 1;
	classes = {
	};
	objectVersion = 46;
	objects = {

/* Begin PBXAggregateTarget section */
		A1D06B9AC1BA38E089D576EF /* plugintemplate - All */ = {
			isa = PBXAggregateTarget;
			buildConfigurationList = 5D8610EC14AA488639F84EB8;
			buildPhases = (
			);
			dependencies = (
				E5755376420F7EE92B226FA5,
				FE6C703DCDD2BF7EC17A14CF,
				4C4052E2A008BC98967EA405,
				4622934268C65656A69EC296,
			);
			name = "plugintemplate - All";
			productName = plugintemplate;
		};
/* End PBXAggregateTarget section */

/* Begin PBXBuildFile section */
		00F02CE75C60C5295E7D77A8 /* include_juce_audio_processors_ara.cpp */ = {isa = PBXBuildFile; fileRef = D12A734F002BE1409903D469; };
		0274A166D4DD61EE9930DC52 /* include_juce_audio_plugin_client_AU_1.mm */ = {isa = PBXBuildFile; fileRef = DB8F578C0AE74E86802F8E18; };
		05F0D548C6878AD8EA83CD30 /* RecentFilesMenuTemplate.nib */ = {isa = PBXBuildFile; fileRef = 756A881F2582B94498D07140; };
		08CD9B6D6E2E00A09F093537 /* IOKit.framework */ = {isa = PBXBuildFile; fileRef = B70E065237414AA6F4C12E64; };
		0EEB146340DA0CB6D0BD4FEB /* Cocoa.framework */ = {isa = PBXBuildFile; fileRef = 9DDAF4991FEB368E0D71FC40; };
		1510FACFEBF02C54D95F55D2 /* CoreMIDI.framework */ = {isa = PBXBuildFile; fileRef = 22DC743930FE85BC413F599E; };
		15CE8CFCAB00B474EA608636 /* include_juce_events.mm */ = {isa = PBXBuildFile; fileRef = 82C28C3DBD5BEC02FAC8BFC0; };
		219F02E7EEC6720E129BA4CF /* include_juce_audio_plugin_client_Standalone.cpp */ = {isa = PBXBuildFile; fileRef = CB7A601547A95F3B117C97DA; };
		25FCB1599AF5D896BA43E8F1 /* include_juce_audio_processors_lv2_libs.cpp */ = {isa = PBXBuildFile; fileRef = 848E90B4DE285BC9463A1C53; };
		260EC95977012A9879CEA8BB /* include_juce_audio_basics.mm */ = {isa = PBXBuildFile; fileRef = 56627C1AD41175357BCD37ED; };
		2DF13D89680145C2C93C1C45 /* AudioToolbox.framework */ = {isa = PBXBuildFile; fileRef = FEFB4257B3AE3CBD6F3C0DAF; };
		3167A48B7AB01AF76A529506 /* QuartzCore.framework */ = {isa = PBXBuildFile; fileRef = 45AF347568AF1878558E4EE7; };
		390893E557E8C9D403318BF8 /* include_juce_gui_basics.mm */ = {isa = PBXBuildFile; fileRef = 0DF26212E02FE29EA35A7794; };
		3A0384D151CBF74FFEE64129 /* Foundation.framework */ = {isa = PBXBuildFile; fileRef = CEA8F02CE4E8AA29C8DFE62C; };
		488408B5BAF6FA1A111B2D31 /* VST3 */ = {isa = PBXBuildFile; fileRef = 93DBE511311C149D4CCB48E9; };
		4A781DE4CC32CC733634BF22 /* include_juce_audio_utils.mm */ = {isa = PBXBuildFile; fileRef = 06D2ED5C41389F0E1D441E55; };
		4EEEFB64CCEA2CB909E685CE /* include_juce_audio_plugin_client_AU_2.mm */ = {isa = PBXBuildFile; fileRef = 1B876C2D880BA8AD5E7F5D7D; };
		52BD0A4E4D4558E975D143D7 /* include_juce_audio_plugin_client_VST_utils.mm */ = {isa = PBXBuildFile; fileRef = F64891E367305B346F9F54D0; };
		560FBD9530347194D2134B36 /* include_juce_audio_formats.mm */ = {isa = PBXBuildFile; fileRef = B9273258EBA7E869BAC6162B; };
		5EC960BF76DADE29BBDF6409 /* AU */ = {isa = PBXBuildFile; fileRef = 72426A8F79DCD5A570D4542D; };
		664CC501B6462611233BAD28 /* include_juce_audio_devices.mm */ = {isa = PBXBuildFile; fileRef = A6814D13634CEC8417CEB62A; };
		6A5D5796A12B36011B1E6E2D /* WebKit.framework */ = {isa = PBXBuildFile; fileRef = 47F72F7B2A1162B801E9115C; };
		6BE63A476D21C55E5EAE5C9E /* include_juce_audio_plugin_client_ARA.cpp */ = {isa = PBXBuildFile; fileRef = 7724E0BFF64E63F021FF036F; };
		7682CD07C1C6F40A4E19B118 /* PluginEditor.cpp */ = {isa = PBXBuildFile; fileRef = 826483E04DE949651445D68B; };
		78A8FE28D94B3BB2608AB9C3 /* PluginProcessor.cpp */ = {isa = PBXBuildFile; fileRef = 26DF8D01D4B08DFE7251458E; };
		797D125A561EE323C7757DCA /* AudioUnit.framework */ = {isa = PBXBuildFile; fileRef = CD18936687F98AAE8FD1F52F; };
		7DE92A84E3888180DA147249 /* CoreAudioKit.framework */ = {isa = PBXBuildFile; fileRef = 3918B3A8D6DC615841521189; };
		80621D248EBDF49F9E0BFC65 /* include_juce_graphics.mm */ = {isa = PBXBuildFile; fileRef = D5564C1AE41BBB83E47CD7D1; };
		81BA755350BA3B02610CFE92 /* CoreAudio.framework */ = {isa = PBXBuildFile; fileRef = F01AFCBE56D8FDCA2AA0A53C; };
		8F3FF39E7FB2C9F7E0A37041 /* DiscRecording.framework */ = {isa = PBXBuildFile; fileRef = 1B24DBC65CB1175654941FC8; };
		9036199B4C67A79186219414 /* Shared Code */ = {isa = PBXBuildFile; fileRef = C49C67A8D37BFA9F8ACE51BF; };
		93483451F2C2AB677F316CD0 /* include_juce_audio_processors.mm */ = {isa = PBXBuildFile; fileRef = B661DBA316CBDFBC30EBBB78; };
		95F91DAC7B3CDE9FB47FA485 /* Standalone Plugin */ = {isa = PBXBuildFile; fileRef = 045DE71B2D65B5D13B4DC8CD; };
		B215DF44CF5B6BA13890E8E5 /* include_juce_audio_plugin_client_VST3.cpp */ = {isa = PBXBuildFile; fileRef = D8C022053C37F304F206429B; };
		CA8B47FCDA43CB6FFDDEA728 /* Accelerate.framework */ = {isa = PBXBuildFile; fileRef = D279EC82E555EF19F88D16C5; };
		DC824B0D0E07492F756B75D1 /* include_juce_core.mm */ = {isa = PBXBuildFile; fileRef = B3F59E5D463FB597284964CE; };
		F24E4F19F561DA8C3231C173 /* include_juce_data_structures.mm */ = {isa = PBXBuildFile; fileRef = 2D4C62CE60769E33B1E0E43F; };
		F67E760E83F86D9044C2C047 /* include_juce_audio_plugin_client_utils.cpp */ = {isa = PBXBuildFile; fileRef = C56C8B5E99A856E859A4920E; };
		F6858F28DF4098438E50C34D /* include_juce_gui_extra.mm */ = {isa = PBXBuildFile; fileRef = 9C8A2C217FA4B21F914F2CA0; };
/* End PBXBuildFile section */

/* Begin PBXFileReference section */
		045DE71B2D65B5D13B4DC8CD /* Standalone Plugin */ = {isa = PBXFileReference; explicitFileType = wrapper.application; includeInIndex = 0; path = plugintemplate.app; sourceTree = BUILT_PRODUCTS_DIR; };
		06D2ED5C41389F0E1D441E55 /* include_juce_audio_utils.mm */ /* include_juce_audio_utils.mm */ = {isa = PBXFileReference; lastKnownFileType = sourcecode.cpp.objcpp; name = include_juce_audio_utils.mm; path = ../../JuceLibraryCode/include_juce_audio_utils.mm; sourceTree = SOURCE_ROOT; };
		0DF26212E02FE29EA35A7794 /* include_juce_gui_basics.mm */ /* include_juce_gui_basics.mm */ = {isa = PBXFileReference; lastKnownFileType = sourcecode.cpp.objcpp; name = include_juce_gui_basics.mm; path = ../../JuceLibraryCode/include_juce_gui_basics.mm; sourceTree = SOURCE_ROOT; };
		148935B98B004143509DE337 /* juce_audio_basics */ /* juce_audio_basics */ = {isa = PBXFileReference; lastKnownFileType = folder; name = juce_audio_basics; path = "~/JUCE/modules/juce_audio_basics"; sourceTree = "<absolute>"; };
		1B24DBC65CB1175654941FC8 /* DiscRecording.framework */ /* DiscRecording.framework */ = {isa = PBXFileReference; lastKnownFileType = wrapper.framework; name = DiscRecording.framework; path = System/Library/Frameworks/DiscRecording.framework; sourceTree = SDKROOT; };
		1B876C2D880BA8AD5E7F5D7D /* include_juce_audio_plugin_client_AU_2.mm */ /* include_juce_audio_plugin_client_AU_2.mm */ = {isa = PBXFileReference; lastKnownFileType = sourcecode.cpp.objcpp; name = include_juce_audio_plugin_client_AU_2.mm; path = ../../JuceLibraryCode/include_juce_audio_plugin_client_AU_2.mm; sourceTree = SOURCE_ROOT; };
		22DC743930FE85BC413F599E /* CoreMIDI.framework */ /* CoreMIDI.framework */ = {isa = PBXFileReference; lastKnownFileType = wrapper.framework; name = CoreMIDI.framework; path = System/Library/Frameworks/CoreMIDI.framework; sourceTree = SDKROOT; };
		26DF8D01D4B08DFE7251458E /* PluginProcessor.cpp */ /* PluginProcessor.cpp */ = {isa = PBXFileReference; lastKnownFileType = sourcecode.cpp.cpp; name = PluginProcessor.cpp; path = ../../Source/PluginProcessor.cpp; sourceTree = SOURCE_ROOT; };
		2D4C62CE60769E33B1E0E43F /* include_juce_data_structures.mm */ /* include_juce_data_structures.mm */ = {isa = PBXFileReference; lastKnownFileType = sourcecode.cpp.objcpp; name = include_juce_data_structures.mm; path = ../../JuceLibraryCode/include_juce_data_structures.mm; sourceTree = SOURCE_ROOT; };
		347ADE660806285479D457EB /* JuceHeader.h */ /* JuceHeader.h */ = {isa = PBXFileReference; lastKnownFileType = sourcecode.c.h; name = JuceHeader.h; path = ../../JuceLibraryCode/JuceHeader.h; sourceTree = SOURCE_ROOT; };
		36ED2A72613D86F308BD31AF /* Info-Standalone_Plugin.plist */ /* Info-Standalone_Plugin.plist */ = {isa = PBXFileReference; lastKnownFileType = text.plist.xml; name = "Info-Standalone_Plugin.plist"; path = "Info-Standalone_Plugin.plist"; sourceTree = SOURCE_ROOT; };
		3918B3A8D6DC615841521189 /* CoreAudioKit.framework */ /* CoreAudioKit.framework */ = {isa = PBXFileReference; lastKnownFileType = wrapper.framework; name = CoreAudioKit.framework; path = System/Library/Frameworks/CoreAudioKit.framework; sourceTree = SDKROOT; };
		45AF347568AF1878558E4EE7 /* QuartzCore.framework */ /* QuartzCore.framework */ = {isa = PBXFileReference; lastKnownFileType = wrapper.framework; name = QuartzCore.framework; path = System/Library/Frameworks/QuartzCore.framework; sourceTree = SDKROOT; };
		47F72F7B2A1162B801E9115C /* WebKit.framework */ /* WebKit.framework */ = {isa = PBXFileReference; lastKnownFileType = wrapper.framework; name = WebKit.framework; path = System/Library/Frameworks/WebKit.framework; sourceTree = SDKROOT; };
		56627C1AD41175357BCD37ED /* include_juce_audio_basics.mm */ /* include_juce_audio_basics.mm */ = {isa = PBXFileReference; lastKnownFileType = sourcecode.cpp.objcpp; name = include_juce_audio_basics.mm; path = ../../JuceLibraryCode/include_juce_audio_basics.mm; sourceTree = SOURCE_ROOT; };
		6FE93444E7C69EA45FD2450E /* juce_events */ /* juce_events */ = {isa = PBXFileReference; lastKnownFileType = folder; name = juce_events; path = "~/JUCE/modules/juce_events"; sourceTree = "<absolute>"; };
		7185AA3414C9F97460D46DB3 /* juce_gui_basics */ /* juce_gui_basics */ = {isa = PBXFileReference; lastKnownFileType = folder; name = juce_gui_basics; path = "~/JUCE/modules/juce_gui_basics"; sourceTree = "<absolute>"; };
		72426A8F79DCD5A570D4542D /* AU */ = {isa = PBXFileReference; explicitFileType = wrapper.cfbundle; includeInIndex = 0; path = plugintemplate.component; sourceTree = BUILT_PRODUCTS_DIR; };
		756A881F2582B94498D07140 /* RecentFilesMenuTemplate.nib */ /* RecentFilesMenuTemplate.nib */ = {isa = PBXFileReference; lastKnownFileType = file.nib; name = RecentFilesMenuTemplate.nib; path = RecentFilesMenuTemplate.nib; sourceTree = SOURCE_ROOT; };
		7593510DF3022AA68BC53171 /* juce_audio_processors */ /* juce_audio_processors */ = {isa = PBXFileReference; lastKnownFileType = folder; name = juce_audio_processors; path = "~/JUCE/modules/juce_audio_processors"; sourceTree = "<absolute>"; };
		7724E0BFF64E63F021FF036F /* include_juce_audio_plugin_client_ARA.cpp */ /* include_juce_audio_plugin_client_ARA.cpp */ = {isa = PBXFileReference; lastKnownFileType = sourcecode.cpp.cpp; name = include_juce_audio_plugin_client_ARA.cpp; path = ../../JuceLibraryCode/include_juce_audio_plugin_client_ARA.cpp; sourceTree = SOURCE_ROOT; };
		78DAE5F07C426981BB685335 /* juce_audio_formats */ /* juce_audio_formats */ = {isa = PBXFileReference; lastKnownFileType = folder; name = juce_audio_formats; path = "~/JUCE/modules/juce_audio_formats"; sourceTree = "<absolute>"; };
		7A73ED92E45A1D0FB1F0644A /* JucePluginDefines.h */ /* JucePluginDefines.h */ = {isa = PBXFileReference; lastKnownFileType = sourcecode.c.h; name = JucePluginDefines.h; path = ../../JuceLibraryCode/JucePluginDefines.h; sourceTree = SOURCE_ROOT; };
		826483E04DE949651445D68B /* PluginEditor.cpp */ /* PluginEditor.cpp */ = {isa = PBXFileReference; lastKnownFileType = sourcecode.cpp.cpp; name = PluginEditor.cpp; path = ../../Source/PluginEditor.cpp; sourceTree = SOURCE_ROOT; };
		82C28C3DBD5BEC02FAC8BFC0 /* include_juce_events.mm */ /* include_juce_events.mm */ = {isa = PBXFileReference; lastKnownFileType = sourcecode.cpp.objcpp; name = include_juce_events.mm; path = ../../JuceLibraryCode/include_juce_events.mm; sourceTree = SOURCE_ROOT; };
		848E90B4DE285BC9463A1C53 /* include_juce_audio_processors_lv2_libs.cpp */ /* include_juce_audio_processors_lv2_libs.cpp */ = {isa = PBXFileReference; lastKnownFileType = sourcecode.cpp.cpp; name = include_juce_audio_processors_lv2_libs.cpp; path = ../../JuceLibraryCode/include_juce_audio_processors_lv2_libs.cpp; sourceTree = SOURCE_ROOT; };
		93DBE511311C149D4CCB48E9 /* VST3 */ = {isa = PBXFileReference; explicitFileType = wrapper.cfbundle; includeInIndex = 0; path = plugintemplate.vst3; sourceTree = BUILT_PRODUCTS_DIR; };
		958A87EFE6F40A7DE8EC61EE /* juce_core */ /* juce_core */ = {isa = PBXFileReference; lastKnownFileType = folder; name = juce_core; path = "~/JUCE/modules/juce_core"; sourceTree = "<absolute>"; };
		9869BFA0D2E0035336A065A2 /* juce_audio_plugin_client */ /* juce_audio_plugin_client */ = {isa = PBXFileReference; lastKnownFileType = folder; name = juce_audio_plugin_client; path = "~/JUCE/modules/juce_audio_plugin_client"; sourceTree = "<absolute>"; };
		9C8A2C217FA4B21F914F2CA0 /* include_juce_gui_extra.mm */ /* include_juce_gui_extra.mm */ = {isa = PBXFileReference; lastKnownFileType = sourcecode.cpp.objcpp; name = include_juce_gui_extra.mm; path = ../../JuceLibraryCode/include_juce_gui_extra.mm; sourceTree = SOURCE_ROOT; };
		9DDAF4991FEB368E0D71FC40 /* Cocoa.framework */ /* Cocoa.framework */ = {isa = PBXFileReference; lastKnownFileType = wrapper.framework; name = Cocoa.framework; path = System/Library/Frameworks/Cocoa.framework; sourceTree = SDKROOT; };
		A58656A822A8CDD3F6DA7982 /* juce_audio_utils */ /* juce_audio_utils */ = {isa = PBXFileReference; lastKnownFileType = folder; name = juce_audio_utils; path = "~/JUCE/modules/juce_audio_utils"; sourceTree = "<absolute>"; };
		A6814D13634CEC8417CEB62A /* include_juce_audio_devices.mm */ /* include_juce_audio_devices.mm */ = {isa = PBXFileReference; lastKnownFileType = sourcecode.cpp.objcpp; name = include_juce_audio_devices.mm; path = ../../JuceLibraryCode/include_juce_audio_devices.mm; sourceTree = SOURCE_ROOT; };
		AB4DAAC67E156FD7A32FC11B /* juce_gui_extra */ /* juce_gui_extra */ = {isa = PBXFileReference; lastKnownFileType = folder; name = juce_gui_extra; path = "~/JUCE/modules/juce_gui_extra"; sourceTree = "<absolute>"; };
		B1B4A03E06983544CCC9873A /* juce_audio_devices */ /* juce_audio_devices */ = {isa = PBXFileReference; lastKnownFileType = folder; name = juce_audio_devices; path = "~/JUCE/modules/juce_audio_devices"; sourceTree = "<absolute>"; };
		B3F59E5D463FB597284964CE /* include_juce_core.mm */ /* include_juce_core.mm */ = {isa = PBXFileReference; lastKnownFileType = sourcecode.cpp.objcpp; name = include_juce_core.mm; path = ../../JuceLibraryCode/include_juce_core.mm; sourceTree = SOURCE_ROOT; };
		B661DBA316CBDFBC30EBBB78 /* include_juce_audio_processors.mm */ /* include_juce_audio_processors.mm */ = {isa = PBXFileReference; lastKnownFileType = sourcecode.cpp.objcpp; name = include_juce_audio_processors.mm; path = ../../JuceLibraryCode/include_juce_audio_processors.mm; sourceTree = SOURCE_ROOT; };
		B70E065237414AA6F4C12E64 /* IOKit.framework */ /* IOKit.framework */ = {isa = PBXFileReference; lastKnownFileType = wrapper.framework; name = IOKit.framework; path = System/Library/Frameworks/IOKit.framework; sourceTree = SDKROOT; };
		B9273258EBA7E869BAC6162B /* include_juce_audio_formats.mm */ /* include_juce_audio_formats.mm */ = {isa = PBXFileReference; lastKnownFileType = sourcecode.cpp.objcpp; name = include_juce_audio_formats.mm; path = ../../JuceLibraryCode/include_juce_audio_formats.mm; sourceTree = SOURCE_ROOT; };
		C49C67A8D37BFA9F8ACE51BF /* Shared Code */ = {isa = PBXFileReference; explicitFileType = archive.ar; includeInIndex = 0; path = libplugintemplate.a; sourceTree = BUILT_PRODUCTS_DIR; };
		C563645B87025B0C6C9D493D /* juce_data_structures */ /* juce_data_structures */ = {isa = PBXFileReference; lastKnownFileType = folder; name = juce_data_structures; path = "~/JUCE/modules/juce_data_structures"; sourceTree = "<absolute>"; };
		C56C8B5E99A856E859A4920E /* include_juce_audio_plugin_client_utils.cpp */ /* include_juce_audio_plugin_client_utils.cpp */ = {isa = PBXFileReference; lastKnownFileType = sourcecode.cpp.cpp; name = include_juce_audio_plugin_client_utils.cpp; path = ../../JuceLibraryCode/include_juce_audio_plugin_client_utils.cpp; sourceTree = SOURCE_ROOT; };
		C709ADA4CA194E028361F204 /* Info-AU.plist */ /* Info-AU.plist */ = {isa = PBXFileReference; lastKnownFileType = text.plist.xml; name = "Info-AU.plist"; path = "Info-AU.plist"; sourceTree = SOURCE_ROOT; };
		CA126BC135FCAD438B634527 /* juce_graphics */ /* juce_graphics */ = {isa = PBXFileReference; lastKnownFileType = folder; name = juce_graphics; path = "~/JUCE/modules/juce_graphics"; sourceTree = "<absolute>"; };
		CB7A601547A95F3B117C97DA /* include_juce_audio_plugin_client_Standalone.cpp */ /* include_juce_audio_plugin_client_Standalone.cpp */ = {isa = PBXFileReference; lastKnownFileType = sourcecode.cpp.cpp; name = include_juce_audio_plugin_client_Standalone.cpp; path = ../../JuceLibraryCode/include_juce_audio_plugin_client_Standalone.cpp; sourceTree = SOURCE_ROOT; };
		CD18936687F98AAE8FD1F52F /* AudioUnit.framework */ /* AudioUnit.framework */ = {isa = PBXFileReference; lastKnownFileType = wrapper.framework; name = AudioUnit.framework; path = System/Library/Frameworks/AudioUnit.framework; sourceTree = SDKROOT; };
		CEA8F02CE4E8AA29C8DFE62C /* Foundation.framework */ /* Foundation.framework */ = {isa = PBXFileReference; lastKnownFileType = wrapper.framework; name = Foundation.framework; path = System/Library/Frameworks/Foundation.framework; sourceTree = SDKROOT; };
		D12A734F002BE1409903D469 /* include_juce_audio_processors_ara.cpp */ /* include_juce_audio_processors_ara.cpp */ = {isa = PBXFileReference; lastKnownFileType = sourcecode.cpp.cpp; name = include_juce_audio_processors_ara.cpp; path = ../../JuceLibraryCode/include_juce_audio_processors_ara.cpp; sourceTree = SOURCE_ROOT; };
		D279EC82E555EF19F88D16C5 /* Accelerate.framework */ /* Accelerate.framework */ = {isa = PBXFileReference; lastKnownFileType = wrapper.framework; name = Accelerate.framework; path = System/Library/Frameworks/Accelerate.framework; sourceTree = SDKROOT; };
		D5564C1AE41BBB83E47CD7D1 /* include_juce_graphics.mm */ /* include_juce_graphics.mm */ = {isa = PBXFileReference; lastKnownFileType = sourcecode.cpp.objcpp; name = include_juce_graphics.mm; path = ../../JuceLibraryCode/include_juce_graphics.mm; sourceTree = SOURCE_ROOT; };
		D8C022053C37F304F206429B /* include_juce_audio_plugin_client_VST3.cpp */ /* include_juce_audio_plugin_client_VST3.cpp */ = {isa = PBXFileReference; lastKnownFileType = sourcecode.cpp.cpp; name = include_juce_audio_plugin_client_VST3.cpp; path = ../../JuceLibraryCode/include_juce_audio_plugin_client_VST3.cpp; sourceTree = SOURCE_ROOT; };
		DB8F578C0AE74E86802F8E18 /* include_juce_audio_plugin_client_AU_1.mm */ /* include_juce_audio_plugin_client_AU_1.mm */ = {isa = PBXFileReference; lastKnownFileType = sourcecode.cpp.objcpp; name = include_juce_audio_plugin_client_AU_1.mm; path = ../../JuceLibraryCode/include_juce_audio_plugin_client_AU_1.mm; sourceTree = SOURCE_ROOT; };
		E52012FAFB46211EE1446D05 /* PluginEditor.h */ /* PluginEditor.h */ = {isa = PBXFileReference; lastKnownFileType = sourcecode.c.h; name = PluginEditor.h; path = ../../Source/PluginEditor.h; sourceTree = SOURCE_ROOT; };
		F01AFCBE56D8FDCA2AA0A53C /* CoreAudio.framework */ /* CoreAudio.framework */ = {isa = PBXFileReference; lastKnownFileType = wrapper.framework; name = CoreAudio.framework; path = System/Library/Frameworks/CoreAudio.framework; sourceTree = SDKROOT; };
		F142B642E69D8487C80E2BA4 /* Info-VST3.plist */ /* Info-VST3.plist */ = {isa = PBXFileReference; lastKnownFileType = text.plist.xml; name = "Info-VST3.plist"; path = "Info-VST3.plist"; sourceTree = SOURCE_ROOT; };
		F64891E367305B346F9F54D0 /* include_juce_audio_plugin_client_VST_utils.mm */ /* include_juce_audio_plugin_client_VST_utils.mm */ = {isa = PBXFileReference; lastKnownFileType = sourcecode.cpp.objcpp; name = include_juce_audio_plugin_client_VST_utils.mm; path = ../../JuceLibraryCode/include_juce_audio_plugin_client_VST_utils.mm; sourceTree = SOURCE_ROOT; };
		FAAFE6C658BB3417A5D35B35 /* PluginProcessor.h */ /* PluginProcessor.h */ = {isa = PBXFileReference; lastKnownFileType = sourcecode.c.h; name = PluginProcessor.h; path = ../../Source/PluginProcessor.h; sourceTree = SOURCE_ROOT; };
		FEFB4257B3AE3CBD6F3C0DAF /* AudioToolbox.framework */ /* AudioToolbox.framework */ = {isa = PBXFileReference; lastKnownFileType = wrapper.framework; name = AudioToolbox.framework; path = System/Library/Frameworks/AudioToolbox.framework; sourceTree = SDKROOT; };
/* End PBXFileReference section */

/* Begin PBXFrameworksBuildPhase section */
		507ACCE7A1DE530ED5332AB6 = {
			isa = PBXFrameworksBuildPhase;
			buildActionMask = 2147483647;
			files = (
				797D125A561EE323C7757DCA,
				CA8B47FCDA43CB6FFDDEA728,
				2DF13D89680145C2C93C1C45,
				0EEB146340DA0CB6D0BD4FEB,
				81BA755350BA3B02610CFE92,
				7DE92A84E3888180DA147249,
				1510FACFEBF02C54D95F55D2,
				8F3FF39E7FB2C9F7E0A37041,
				3A0384D151CBF74FFEE64129,
				08CD9B6D6E2E00A09F093537,
				3167A48B7AB01AF76A529506,
				6A5D5796A12B36011B1E6E2D,
			);
			runOnlyForDeploymentPostprocessing = 0;
		};
		D8C7F554EF39387870E5B775 = {
			isa = PBXFrameworksBuildPhase;
			buildActionMask = 2147483647;
			files = (
				CA8B47FCDA43CB6FFDDEA728,
				2DF13D89680145C2C93C1C45,
				0EEB146340DA0CB6D0BD4FEB,
				81BA755350BA3B02610CFE92,
				7DE92A84E3888180DA147249,
				1510FACFEBF02C54D95F55D2,
				8F3FF39E7FB2C9F7E0A37041,
				3A0384D151CBF74FFEE64129,
				08CD9B6D6E2E00A09F093537,
				3167A48B7AB01AF76A529506,
				6A5D5796A12B36011B1E6E2D,
			);
			runOnlyForDeploymentPostprocessing = 0;
		};
		F46AADDD71808FB1FF0274DA = {
			isa = PBXFrameworksBuildPhase;
			buildActionMask = 2147483647;
			files = (
				CA8B47FCDA43CB6FFDDEA728,
				2DF13D89680145C2C93C1C45,
				0EEB146340DA0CB6D0BD4FEB,
				81BA755350BA3B02610CFE92,
				7DE92A84E3888180DA147249,
				1510FACFEBF02C54D95F55D2,
				8F3FF39E7FB2C9F7E0A37041,
				3A0384D151CBF74FFEE64129,
				08CD9B6D6E2E00A09F093537,
				3167A48B7AB01AF76A529506,
				6A5D5796A12B36011B1E6E2D,
			);
			runOnlyForDeploymentPostprocessing = 0;
		};
/* End PBXFrameworksBuildPhase section */

/* Begin PBXGroup section */
		13026F50BF80EB7E98828BA8 /* Products */ = {
			isa = PBXGroup;
			children = (
				93DBE511311C149D4CCB48E9,
				72426A8F79DCD5A570D4542D,
				045DE71B2D65B5D13B4DC8CD,
				C49C67A8D37BFA9F8ACE51BF,
			);
			name = Products;
			sourceTree = "<group>";
		};
		3238F76353F7294BF202CAF9 /* Frameworks */ = {
			isa = PBXGroup;
			children = (
				CD18936687F98AAE8FD1F52F,
				D279EC82E555EF19F88D16C5,
				FEFB4257B3AE3CBD6F3C0DAF,
				9DDAF4991FEB368E0D71FC40,
				F01AFCBE56D8FDCA2AA0A53C,
				3918B3A8D6DC615841521189,
				22DC743930FE85BC413F599E,
				1B24DBC65CB1175654941FC8,
				CEA8F02CE4E8AA29C8DFE62C,
				B70E065237414AA6F4C12E64,
				45AF347568AF1878558E4EE7,
				47F72F7B2A1162B801E9115C,
			);
			name = Frameworks;
			sourceTree = "<group>";
		};
		3B578223885B226E04857420 /* Resources */ = {
			isa = PBXGroup;
			children = (
				F142B642E69D8487C80E2BA4,
				C709ADA4CA194E028361F204,
				36ED2A72613D86F308BD31AF,
				756A881F2582B94498D07140,
			);
			name = Resources;
			sourceTree = "<group>";
		};
		7F27D81DE492E371F579E499 /* JUCE Library Code */ = {
			isa = PBXGroup;
			children = (
				56627C1AD41175357BCD37ED,
				A6814D13634CEC8417CEB62A,
				B9273258EBA7E869BAC6162B,
				7724E0BFF64E63F021FF036F,
				DB8F578C0AE74E86802F8E18,
				1B876C2D880BA8AD5E7F5D7D,
				CB7A601547A95F3B117C97DA,
				C56C8B5E99A856E859A4920E,
				F64891E367305B346F9F54D0,
				D8C022053C37F304F206429B,
				B661DBA316CBDFBC30EBBB78,
				D12A734F002BE1409903D469,
				848E90B4DE285BC9463A1C53,
				06D2ED5C41389F0E1D441E55,
				B3F59E5D463FB597284964CE,
				2D4C62CE60769E33B1E0E43F,
				82C28C3DBD5BEC02FAC8BFC0,
				D5564C1AE41BBB83E47CD7D1,
				0DF26212E02FE29EA35A7794,
				9C8A2C217FA4B21F914F2CA0,
				347ADE660806285479D457EB,
				7A73ED92E45A1D0FB1F0644A,
			);
			name = "JUCE Library Code";
			sourceTree = "<group>";
		};
		A8AA4D408CFEDC91C69386BE /* Source */ = {
			isa = PBXGroup;
			children = (
				26DF8D01D4B08DFE7251458E,
				FAAFE6C658BB3417A5D35B35,
				826483E04DE949651445D68B,
				E52012FAFB46211EE1446D05,
			);
			name = Source;
			sourceTree = "<group>";
		};
		E559A421BFDB626A6230300E /* plugintemplate */ = {
			isa = PBXGroup;
			children = (
				A8AA4D408CFEDC91C69386BE,
			);
			name = plugintemplate;
			sourceTree = "<group>";
		};
		F07CE9A354A75731515241AD /* Source */ = {
			isa = PBXGroup;
			children = (
				E559A421BFDB626A6230300E,
				FA38A81DB51B0F8CB6BBE60F,
				7F27D81DE492E371F579E499,
				3B578223885B226E04857420,
				3238F76353F7294BF202CAF9,
				13026F50BF80EB7E98828BA8,
			);
			name = Source;
			sourceTree = "<group>";
		};
		FA38A81DB51B0F8CB6BBE60F /* JUCE Modules */ = {
			isa = PBXGroup;
			children = (
				148935B98B004143509DE337,
				B1B4A03E06983544CCC9873A,
				78DAE5F07C426981BB685335,
				9869BFA0D2E0035336A065A2,
				7593510DF3022AA68BC53171,
				A58656A822A8CDD3F6DA7982,
				958A87EFE6F40A7DE8EC61EE,
				C563645B87025B0C6C9D493D,
				6FE93444E7C69EA45FD2450E,
				CA126BC135FCAD438B634527,
				7185AA3414C9F97460D46DB3,
				AB4DAAC67E156FD7A32FC11B,
			);
			name = "JUCE Modules";
			sourceTree = "<group>";
		};
/* End PBXGroup section */

/* Begin PBXNativeTarget section */
		319DE525E06EFEFF16D0049C /* plugintemplate - Standalone Plugin */ = {
			isa = PBXNativeTarget;
			buildConfigurationList = B2560A2980DD416CDFC642F5;
			buildPhases = (
				5344CDCEABB3539AA2D4E9AB,
				4006CA756E4D32FC6027907E,
				F46AADDD71808FB1FF0274DA,
			);
			buildRules = (
			);
			dependencies = (
				CA072D84CD2829E6966C78A6,
			);
			name = "plugintemplate - Standalone Plugin";
			productName = plugintemplate;
			productReference = 045DE71B2D65B5D13B4DC8CD;
			productType = "com.apple.product-type.application";
		};
		7000BDE3F3FDF47EBE892D63 /* plugintemplate - VST3 */ = {
			isa = PBXNativeTarget;
			buildConfigurationList = CA3F7C17FDF8F55BB701C785;
			buildPhases = (
				DBA83F5941E39B52506C4A65,
				9C600B373097D79F5FA2D612,
				D8C7F554EF39387870E5B775,
			);
			buildRules = (
			);
			dependencies = (
				5524159CE6CC3983BE54A0A9,
			);
			name = "plugintemplate - VST3";
			productName = plugintemplate;
			productReference = 93DBE511311C149D4CCB48E9;
			productType = "com.apple.product-type.bundle";
		};
		E0E57D3BA0F5938E65F39CF1 /* plugintemplate - Shared Code */ = {
			isa = PBXNativeTarget;
			buildConfigurationList = EB899165951D349A3FE4CBA8;
			buildPhases = (
				515F141F232FB2E208ED1B96,
			);
			buildRules = (
			);
			dependencies = (
			);
			name = "plugintemplate - Shared Code";
			productName = plugintemplate;
			productReference = C49C67A8D37BFA9F8ACE51BF;
			productType = "com.apple.product-type.library.static";
		};
		F6F5BE701A28AA485B95C17B /* plugintemplate - AU */ = {
			isa = PBXNativeTarget;
			buildConfigurationList = 379335CB9148FEDAAD0682F9;
			buildPhases = (
				5E23D15B4F4C9CC000409652,
				1A0B33F645DCB8135AB6660A,
				507ACCE7A1DE530ED5332AB6,
			);
			buildRules = (
			);
			dependencies = (
				9A9325512BA320B3C83BCC1C,
			);
			name = "plugintemplate - AU";
			productName = plugintemplate;
			productReference = 72426A8F79DCD5A570D4542D;
			productType = "com.apple.product-type.bundle";
		};
/* End PBXNativeTarget section */

/* Begin PBXProject section */
		372EFD052B046644BA4A6C14 = {
			isa = PBXProject;
			attributes = {
				LastUpgradeCheck = 1340;
				ORGANIZATIONNAME = "";
				TargetAttributes = {
					319DE525E06EFEFF16D0049C = {
						SystemCapabilities = {
							com.apple.ApplicationGroups.iOS = {
								enabled = 0;
							};
							com.apple.HardenedRuntime = {
								enabled = 0;
							};
							com.apple.InAppPurchase = {
								enabled = 0;
							};
							com.apple.InterAppAudio = {
								enabled = 0;
							};
							com.apple.Push = {
								enabled = 0;
							};
							com.apple.Sandbox = {
								enabled = 0;
							};
						};
					};
					7000BDE3F3FDF47EBE892D63 = {
						SystemCapabilities = {
							com.apple.ApplicationGroups.iOS = {
								enabled = 0;
							};
							com.apple.HardenedRuntime = {
								enabled = 0;
							};
							com.apple.InAppPurchase = {
								enabled = 0;
							};
							com.apple.InterAppAudio = {
								enabled = 0;
							};
							com.apple.Push = {
								enabled = 0;
							};
							com.apple.Sandbox = {
								enabled = 0;
							};
						};
					};
					A1D06B9AC1BA38E089D576EF = {
						SystemCapabilities = {
							com.apple.ApplicationGroups.iOS = {
								enabled = 0;
							};
							com.apple.HardenedRuntime = {
								enabled = 0;
							};
							com.apple.InAppPurchase = {
								enabled = 0;
							};
							com.apple.InterAppAudio = {
								enabled = 0;
							};
							com.apple.Push = {
								enabled = 0;
							};
							com.apple.Sandbox = {
								enabled = 0;
							};
						};
					};
					E0E57D3BA0F5938E65F39CF1 = {
						SystemCapabilities = {
							com.apple.ApplicationGroups.iOS = {
								enabled = 0;
							};
							com.apple.HardenedRuntime = {
								enabled = 0;
							};
							com.apple.InAppPurchase = {
								enabled = 0;
							};
							com.apple.InterAppAudio = {
								enabled = 0;
							};
							com.apple.Push = {
								enabled = 0;
							};
							com.apple.Sandbox = {
								enabled = 0;
							};
						};
					};
					F6F5BE701A28AA485B95C17B = {
						SystemCapabilities = {
							com.apple.ApplicationGroups.iOS = {
								enabled = 0;
							};
							com.apple.HardenedRuntime = {
								enabled = 0;
							};
							com.apple.InAppPurchase = {
								enabled = 0;
							};
							com.apple.InterAppAudio = {
								enabled = 0;
							};
							com.apple.Push = {
								enabled = 0;
							};
							com.apple.Sandbox = {
								enabled = 0;
							};
						};
					};
				};
			};
			buildConfigurationList = FA959F117058B80F4EAB68E7;
			compatibilityVersion = "Xcode 3.2";
			hasScannedForEncodings = 0;
			knownRegions = (
				en,
				Base,
			);
			mainGroup = F07CE9A354A75731515241AD;
			projectDirPath = "";
			projectRoot = "";
			targets = (
				A1D06B9AC1BA38E089D576EF,
				7000BDE3F3FDF47EBE892D63,
				F6F5BE701A28AA485B95C17B,
				319DE525E06EFEFF16D0049C,
				E0E57D3BA0F5938E65F39CF1,
			);
		};
/* End PBXProject section */

/* Begin PBXResourcesBuildPhase section */
		5344CDCEABB3539AA2D4E9AB = {
			isa = PBXResourcesBuildPhase;
			buildActionMask = 2147483647;
			files = (
				05F0D548C6878AD8EA83CD30,
			);
			runOnlyForDeploymentPostprocessing = 0;
		};
		5E23D15B4F4C9CC000409652 = {
			isa = PBXResourcesBuildPhase;
			buildActionMask = 2147483647;
			files = (
				05F0D548C6878AD8EA83CD30,
			);
			runOnlyForDeploymentPostprocessing = 0;
		};
		DBA83F5941E39B52506C4A65 = {
			isa = PBXResourcesBuildPhase;
			buildActionMask = 2147483647;
			files = (
				05F0D548C6878AD8EA83CD30,
			);
			runOnlyForDeploymentPostprocessing = 0;
		};
/* End PBXResourcesBuildPhase section */

/* Begin PBXSourcesBuildPhase section */
		1A0B33F645DCB8135AB6660A = {
			isa = PBXSourcesBuildPhase;
			buildActionMask = 2147483647;
			files = (
				0274A166D4DD61EE9930DC52,
				4EEEFB64CCEA2CB909E685CE,
			);
			runOnlyForDeploymentPostprocessing = 0;
		};
		4006CA756E4D32FC6027907E = {
			isa = PBXSourcesBuildPhase;
			buildActionMask = 2147483647;
			files = (
				219F02E7EEC6720E129BA4CF,
			);
			runOnlyForDeploymentPostprocessing = 0;
		};
		515F141F232FB2E208ED1B96 = {
			isa = PBXSourcesBuildPhase;
			buildActionMask = 2147483647;
			files = (
				78A8FE28D94B3BB2608AB9C3,
				7682CD07C1C6F40A4E19B118,
				260EC95977012A9879CEA8BB,
				664CC501B6462611233BAD28,
				560FBD9530347194D2134B36,
				6BE63A476D21C55E5EAE5C9E,
				F67E760E83F86D9044C2C047,
				52BD0A4E4D4558E975D143D7,
				93483451F2C2AB677F316CD0,
				00F02CE75C60C5295E7D77A8,
				25FCB1599AF5D896BA43E8F1,
				4A781DE4CC32CC733634BF22,
				DC824B0D0E07492F756B75D1,
				F24E4F19F561DA8C3231C173,
				15CE8CFCAB00B474EA608636,
				80621D248EBDF49F9E0BFC65,
				390893E557E8C9D403318BF8,
				F6858F28DF4098438E50C34D,
			);
			runOnlyForDeploymentPostprocessing = 0;
		};
		9C600B373097D79F5FA2D612 = {
			isa = PBXSourcesBuildPhase;
			buildActionMask = 2147483647;
			files = (
				B215DF44CF5B6BA13890E8E5,
			);
			runOnlyForDeploymentPostprocessing = 0;
		};
/* End PBXSourcesBuildPhase section */

/* Begin PBXTargetDependency section */
		4622934268C65656A69EC296 = {
			isa = PBXTargetDependency;
			target = E0E57D3BA0F5938E65F39CF1;
		};
		4C4052E2A008BC98967EA405 = {
			isa = PBXTargetDependency;
			target = 319DE525E06EFEFF16D0049C;
		};
		5524159CE6CC3983BE54A0A9 = {
			isa = PBXTargetDependency;
			target = E0E57D3BA0F5938E65F39CF1;
		};
		9A9325512BA320B3C83BCC1C = {
			isa = PBXTargetDependency;
			target = E0E57D3BA0F5938E65F39CF1;
		};
		CA072D84CD2829E6966C78A6 = {
			isa = PBXTargetDependency;
			target = E0E57D3BA0F5938E65F39CF1;
		};
		E5755376420F7EE92B226FA5 = {
			isa = PBXTargetDependency;
			target = 7000BDE3F3FDF47EBE892D63;
		};
		FE6C703DCDD2BF7EC17A14CF = {
			isa = PBXTargetDependency;
			target = F6F5BE701A28AA485B95C17B;
		};
/* End PBXTargetDependency section */

/* Begin XCBuildConfiguration section */
		01D84B6FE57229598970431E /* Release */ = {
			isa = XCBuildConfiguration;
			buildSettings = {
				CLANG_CXX_LANGUAGE_STANDARD = "c++17";
				CLANG_CXX_LIBRARY = "libc++";
				CLANG_LINK_OBJC_RUNTIME = NO;
				COMBINE_HIDPI_IMAGES = YES;
				CONFIGURATION_BUILD_DIR = "$(PROJECT_DIR)/build/$(CONFIGURATION)";
				DEAD_CODE_STRIPPING = YES;
				DEPLOYMENT_LOCATION = YES;
				DSTROOT = /;
				EXCLUDED_ARCHS = "";
				GCC_GENERATE_DEBUGGING_SYMBOLS = NO;
				GCC_OPTIMIZATION_LEVEL = 3;
				GCC_PREPROCESSOR_DEFINITIONS = (
					"_NDEBUG=1",
					"NDEBUG=1",
					"JUCE_DISPLAY_SPLASH_SCREEN=1",
					"JUCE_USE_DARK_SPLASH_SCREEN=1",
					"JUCE_PROJUCER_VERSION=0x70005",
					"JUCE_MODULE_AVAILABLE_juce_audio_basics=1",
					"JUCE_MODULE_AVAILABLE_juce_audio_devices=1",
					"JUCE_MODULE_AVAILABLE_juce_audio_formats=1",
					"JUCE_MODULE_AVAILABLE_juce_audio_plugin_client=1",
					"JUCE_MODULE_AVAILABLE_juce_audio_processors=1",
					"JUCE_MODULE_AVAILABLE_juce_audio_utils=1",
					"JUCE_MODULE_AVAILABLE_juce_core=1",
					"JUCE_MODULE_AVAILABLE_juce_data_structures=1",
					"JUCE_MODULE_AVAILABLE_juce_events=1",
					"JUCE_MODULE_AVAILABLE_juce_graphics=1",
					"JUCE_MODULE_AVAILABLE_juce_gui_basics=1",
					"JUCE_MODULE_AVAILABLE_juce_gui_extra=1",
					"JUCE_GLOBAL_MODULE_SETTINGS_INCLUDED=1",
					"JUCE_VST3_CAN_REPLACE_VST2=0",
					"JUCE_STRICT_REFCOUNTEDPOINTER=1",
					"JucePlugin_Build_VST=0",
					"JucePlugin_Build_VST3=0",
					"JucePlugin_Build_AU=1",
					"JucePlugin_Build_AUv3=0",
					"JucePlugin_Build_AAX=0",
					"JucePlugin_Build_Standalone=0",
					"JucePlugin_Build_Unity=0",
					"JucePlugin_Build_LV2=0",
					"JucePlugin_Enable_IAA=0",
					"JucePlugin_Enable_ARA=0",
					"JucePlugin_Name=\\\"plugintemplate\\\"",
					"JucePlugin_Desc=\\\"plugintemplate\\\"",
					"JucePlugin_Manufacturer=\\\"yourcompany\\\"",
					"JucePlugin_ManufacturerWebsite=\\\"www.yourcompany.com\\\"",
					"JucePlugin_ManufacturerEmail=\\\"\\\"",
					"JucePlugin_ManufacturerCode=0x4d616e75",
					"JucePlugin_PluginCode=0x50736579",
					"JucePlugin_IsSynth=0",
					"JucePlugin_WantsMidiInput=0",
					"JucePlugin_ProducesMidiOutput=0",
					"JucePlugin_IsMidiEffect=0",
					"JucePlugin_EditorRequiresKeyboardFocus=0",
					"JucePlugin_Version=1.0.0",
					"JucePlugin_VersionCode=0x10000",
					"JucePlugin_VersionString=\\\"1.0.0\\\"",
					"JucePlugin_VSTUniqueID=JucePlugin_PluginCode",
					"JucePlugin_VSTCategory=kPlugCategEffect",
					"JucePlugin_Vst3Category=\\\"Fx\\\"",
					"JucePlugin_AUMainType=\\'aufx\\'",
					"JucePlugin_AUSubType=JucePlugin_PluginCode",
					"JucePlugin_AUExportPrefix=plugintemplateAU",
					"JucePlugin_AUExportPrefixQuoted=\\\"plugintemplateAU\\\"",
					"JucePlugin_AUManufacturerCode=JucePlugin_ManufacturerCode",
					"JucePlugin_CFBundleIdentifier=com.yourcompany.plugintemplate",
					"JucePlugin_AAXIdentifier=com.yourcompany.plugintemplate",
					"JucePlugin_AAXManufacturerCode=JucePlugin_ManufacturerCode",
					"JucePlugin_AAXProductId=JucePlugin_PluginCode",
					"JucePlugin_AAXCategory=0",
					"JucePlugin_AAXDisableBypass=0",
					"JucePlugin_AAXDisableMultiMono=0",
					"JucePlugin_IAAType=0x61757278",
					"JucePlugin_IAASubType=JucePlugin_PluginCode",
					"JucePlugin_IAAName=\\\"yourcompany:\\ plugintemplate\\\"",
					"JucePlugin_VSTNumMidiInputs=16",
					"JucePlugin_VSTNumMidiOutputs=16",
					"JucePlugin_ARAContentTypes=0",
					"JucePlugin_ARATransformationFlags=0",
					"JucePlugin_ARAFactoryID=\\\"com.yourcompany.plugintemplate.factory\\\"",
					"JucePlugin_ARADocumentArchiveID=\\\"com.yourcompany.plugintemplate.aradocumentarchive.1.0.0\\\"",
					"JucePlugin_ARACompatibleArchiveIDs=\\\"\\\"",
					"JUCE_STANDALONE_APPLICATION=JucePlugin_Build_Standalone",
					"JUCER_XCODE_MAC_F6D2F4CF=1",
					"JUCE_APP_VERSION=1.0.0",
					"JUCE_APP_VERSION_HEX=0x10000",
				);
				GCC_VERSION = com.apple.compilers.llvm.clang.1_0;
				GENERATE_PKGINFO_FILE = YES;
				HEADER_SEARCH_PATHS = (
					"$(HOME)/JUCE/modules/juce_audio_processors/format_types/VST3_SDK",
					"$(SRCROOT)/../../JuceLibraryCode",
					"$(HOME)/JUCE/modules",
					"$(HOME)/JUCE/modules/juce_audio_plugin_client/AU",
					"$(inherited)",
				);
				INFOPLIST_FILE = Info-AU.plist;
				INFOPLIST_PREPROCESS = NO;
				INSTALL_PATH = "$(HOME)/Library/Audio/Plug-Ins/Components/";
				LIBRARY_STYLE = Bundle;
				LLVM_LTO = YES;
				MACOSX_DEPLOYMENT_TARGET = 10.13;
				MTL_HEADER_SEARCH_PATHS = "$(HOME)/JUCE/modules/juce_audio_processors/format_types/VST3_SDK $(SRCROOT)/../../JuceLibraryCode $(HOME)/JUCE/modules $(HOME)/JUCE/modules/juce_audio_plugin_client/AU";
				OTHER_LDFLAGS = "-bundle -lplugintemplate -weak_framework Metal -weak_framework MetalKit";
				OTHER_REZFLAGS = "-d ppc_$ppc -d i386_$i386 -d ppc64_$ppc64 -d x86_64_$x86_64 -d arm64_$arm64 -I /System/Library/Frameworks/CoreServices.framework/Frameworks/CarbonCore.framework/Versions/A/Headers -I \"$(DEVELOPER_DIR)/Extras/CoreAudio/AudioUnits/AUPublic/AUBase\" -I \"$(DEVELOPER_DIR)/Platforms/MacOSX.platform/Developer/SDKs/MacOSX.sdk/System/Library/Frameworks/AudioUnit.framework/Headers\"";
				PRODUCT_BUNDLE_IDENTIFIER = com.yourcompany.plugintemplate;
				PRODUCT_NAME = "plugintemplate";
				USE_HEADERMAP = NO;
				VALID_ARCHS = "i386 x86_64 arm64 arm64e";
				WRAPPER_EXTENSION = component;
			};
			name = Release;
		};
		12004DF6A4AD82AD9C26C9CA /* Release */ = {
			isa = XCBuildConfiguration;
			buildSettings = {
				ALWAYS_SEARCH_USER_PATHS = NO;
				CLANG_ENABLE_OBJC_WEAK = YES;
				CLANG_WARN_BLOCK_CAPTURE_AUTORELEASING = YES;
				CLANG_WARN_BOOL_CONVERSION = YES;
				CLANG_WARN_COMMA = YES;
				CLANG_WARN_CONSTANT_CONVERSION = YES;
				CLANG_WARN_DEPRECATED_OBJC_IMPLEMENTATIONS = YES;
				CLANG_WARN_EMPTY_BODY = YES;
				CLANG_WARN_ENUM_CONVERSION = YES;
				CLANG_WARN_INFINITE_RECURSION = YES;
				CLANG_WARN_INT_CONVERSION = YES;
				CLANG_WARN_NON_LITERAL_NULL_CONVERSION = YES;
				CLANG_WARN_OBJC_IMPLICIT_RETAIN_SELF = YES;
				CLANG_WARN_OBJC_LITERAL_CONVERSION = YES;
				CLANG_WARN_RANGE_LOOP_ANALYSIS = YES;
				CLANG_WARN_STRICT_PROTOTYPES = YES;
				CLANG_WARN_SUSPICIOUS_MOVE = YES;
				CLANG_WARN_UNREACHABLE_CODE = YES;
				CLANG_WARN__DUPLICATE_METHOD_MATCH = YES;
				DEBUG_INFORMATION_FORMAT = dwarf;
				ENABLE_STRICT_OBJC_MSGSEND = YES;
				ENABLE_TESTABILITY = NO;
				GCC_C_LANGUAGE_STANDARD = c11;
				GCC_INLINES_ARE_PRIVATE_EXTERN = YES;
				GCC_MODEL_TUNING = G5;
				GCC_NO_COMMON_BLOCKS = YES;
				GCC_SYMBOLS_PRIVATE_EXTERN = YES;
				GCC_WARN_64_TO_32_BIT_CONVERSION = YES;
				GCC_WARN_ABOUT_RETURN_TYPE = YES;
				GCC_WARN_CHECK_SWITCH_STATEMENTS = YES;
				GCC_WARN_MISSING_PARENTHESES = YES;
				GCC_WARN_NON_VIRTUAL_DESTRUCTOR = YES;
				GCC_WARN_TYPECHECK_CALLS_TO_PRINTF = YES;
				GCC_WARN_UNDECLARED_SELECTOR = YES;
				GCC_WARN_UNINITIALIZED_AUTOS = YES;
				GCC_WARN_UNUSED_FUNCTION = YES;
				GCC_WARN_UNUSED_VARIABLE = YES;
				PRODUCT_NAME = "plugintemplate";
				SDKROOT = macosx;
				WARNING_CFLAGS = "-Wreorder";
				ZERO_LINK = NO;
			};
			name = Release;
		};
		36199B99170F4A5F2AB9D2D4 /* Release */ = {
			isa = XCBuildConfiguration;
			buildSettings = {
				CLANG_CXX_LANGUAGE_STANDARD = "c++17";
				CLANG_CXX_LIBRARY = "libc++";
				CLANG_LINK_OBJC_RUNTIME = NO;
				COMBINE_HIDPI_IMAGES = YES;
				CONFIGURATION_BUILD_DIR = "$(PROJECT_DIR)/build/$(CONFIGURATION)";
				DEAD_CODE_STRIPPING = YES;
				DEPLOYMENT_LOCATION = YES;
				DSTROOT = /;
				EXCLUDED_ARCHS = "";
				GCC_GENERATE_DEBUGGING_SYMBOLS = NO;
				GCC_OPTIMIZATION_LEVEL = 3;
				GCC_PREPROCESSOR_DEFINITIONS = (
					"_NDEBUG=1",
					"NDEBUG=1",
					"JUCE_DISPLAY_SPLASH_SCREEN=1",
					"JUCE_USE_DARK_SPLASH_SCREEN=1",
					"JUCE_PROJUCER_VERSION=0x70005",
					"JUCE_MODULE_AVAILABLE_juce_audio_basics=1",
					"JUCE_MODULE_AVAILABLE_juce_audio_devices=1",
					"JUCE_MODULE_AVAILABLE_juce_audio_formats=1",
					"JUCE_MODULE_AVAILABLE_juce_audio_plugin_client=1",
					"JUCE_MODULE_AVAILABLE_juce_audio_processors=1",
					"JUCE_MODULE_AVAILABLE_juce_audio_utils=1",
					"JUCE_MODULE_AVAILABLE_juce_core=1",
					"JUCE_MODULE_AVAILABLE_juce_data_structures=1",
					"JUCE_MODULE_AVAILABLE_juce_events=1",
					"JUCE_MODULE_AVAILABLE_juce_graphics=1",
					"JUCE_MODULE_AVAILABLE_juce_gui_basics=1",
					"JUCE_MODULE_AVAILABLE_juce_gui_extra=1",
					"JUCE_GLOBAL_MODULE_SETTINGS_INCLUDED=1",
					"JUCE_VST3_CAN_REPLACE_VST2=0",
					"JUCE_STRICT_REFCOUNTEDPOINTER=1",
					"JucePlugin_Build_VST=0",
					"JucePlugin_Build_VST3=1",
					"JucePlugin_Build_AU=0",
					"JucePlugin_Build_AUv3=0",
					"JucePlugin_Build_AAX=0",
					"JucePlugin_Build_Standalone=0",
					"JucePlugin_Build_Unity=0",
					"JucePlugin_Build_LV2=0",
					"JucePlugin_Enable_IAA=0",
					"JucePlugin_Enable_ARA=0",
					"JucePlugin_Name=\\\"plugintemplate\\\"",
					"JucePlugin_Desc=\\\"plugintemplate\\\"",
					"JucePlugin_Manufacturer=\\\"yourcompany\\\"",
					"JucePlugin_ManufacturerWebsite=\\\"www.yourcompany.com\\\"",
					"JucePlugin_ManufacturerEmail=\\\"\\\"",
					"JucePlugin_ManufacturerCode=0x4d616e75",
					"JucePlugin_PluginCode=0x50736579",
					"JucePlugin_IsSynth=0",
					"JucePlugin_WantsMidiInput=0",
					"JucePlugin_ProducesMidiOutput=0",
					"JucePlugin_IsMidiEffect=0",
					"JucePlugin_EditorRequiresKeyboardFocus=0",
					"JucePlugin_Version=1.0.0",
					"JucePlugin_VersionCode=0x10000",
					"JucePlugin_VersionString=\\\"1.0.0\\\"",
					"JucePlugin_VSTUniqueID=JucePlugin_PluginCode",
					"JucePlugin_VSTCategory=kPlugCategEffect",
					"JucePlugin_Vst3Category=\\\"Fx\\\"",
					"JucePlugin_AUMainType=\\'aufx\\'",
					"JucePlugin_AUSubType=JucePlugin_PluginCode",
					"JucePlugin_AUExportPrefix=plugintemplateAU",
					"JucePlugin_AUExportPrefixQuoted=\\\"plugintemplateAU\\\"",
					"JucePlugin_AUManufacturerCode=JucePlugin_ManufacturerCode",
					"JucePlugin_CFBundleIdentifier=com.yourcompany.plugintemplate",
					"JucePlugin_AAXIdentifier=com.yourcompany.plugintemplate",
					"JucePlugin_AAXManufacturerCode=JucePlugin_ManufacturerCode",
					"JucePlugin_AAXProductId=JucePlugin_PluginCode",
					"JucePlugin_AAXCategory=0",
					"JucePlugin_AAXDisableBypass=0",
					"JucePlugin_AAXDisableMultiMono=0",
					"JucePlugin_IAAType=0x61757278",
					"JucePlugin_IAASubType=JucePlugin_PluginCode",
					"JucePlugin_IAAName=\\\"yourcompany:\\ plugintemplate\\\"",
					"JucePlugin_VSTNumMidiInputs=16",
					"JucePlugin_VSTNumMidiOutputs=16",
					"JucePlugin_ARAContentTypes=0",
					"JucePlugin_ARATransformationFlags=0",
					"JucePlugin_ARAFactoryID=\\\"com.yourcompany.plugintemplate.factory\\\"",
					"JucePlugin_ARADocumentArchiveID=\\\"com.yourcompany.plugintemplate.aradocumentarchive.1.0.0\\\"",
					"JucePlugin_ARACompatibleArchiveIDs=\\\"\\\"",
					"JUCE_STANDALONE_APPLICATION=JucePlugin_Build_Standalone",
					"JUCER_XCODE_MAC_F6D2F4CF=1",
					"JUCE_APP_VERSION=1.0.0",
					"JUCE_APP_VERSION_HEX=0x10000",
				);
				GCC_VERSION = com.apple.compilers.llvm.clang.1_0;
				GENERATE_PKGINFO_FILE = YES;
				HEADER_SEARCH_PATHS = (
					"$(HOME)/JUCE/modules/juce_audio_processors/format_types/VST3_SDK",
					"$(SRCROOT)/../../JuceLibraryCode",
					"$(HOME)/JUCE/modules",
					"$(HOME)/JUCE/modules/juce_audio_plugin_client/AU",
					"$(inherited)",
				);
				INFOPLIST_FILE = Info-VST3.plist;
				INFOPLIST_PREPROCESS = NO;
				INSTALL_PATH = "$(HOME)/Library/Audio/Plug-Ins/VST3/";
				LIBRARY_STYLE = Bundle;
				LLVM_LTO = YES;
				MACOSX_DEPLOYMENT_TARGET = 10.13;
				MTL_HEADER_SEARCH_PATHS = "$(HOME)/JUCE/modules/juce_audio_processors/format_types/VST3_SDK $(SRCROOT)/../../JuceLibraryCode $(HOME)/JUCE/modules $(HOME)/JUCE/modules/juce_audio_plugin_client/AU";
				OTHER_LDFLAGS = "-bundle -lplugintemplate -weak_framework Metal -weak_framework MetalKit";
				PRODUCT_BUNDLE_IDENTIFIER = com.yourcompany.plugintemplate;
				PRODUCT_NAME = "plugintemplate";
				USE_HEADERMAP = NO;
				VALID_ARCHS = "i386 x86_64 arm64 arm64e";
				WRAPPER_EXTENSION = vst3;
			};
			name = Release;
		};
		39BD3A68C7C6F24370BBE49D /* Debug */ = {
			isa = XCBuildConfiguration;
			buildSettings = {
				CLANG_CXX_LANGUAGE_STANDARD = "c++17";
				CLANG_CXX_LIBRARY = "libc++";
				CLANG_LINK_OBJC_RUNTIME = NO;
				COMBINE_HIDPI_IMAGES = YES;
				CONFIGURATION_BUILD_DIR = "$(PROJECT_DIR)/build/$(CONFIGURATION)";
				COPY_PHASE_STRIP = NO;
				DEPLOYMENT_LOCATION = YES;
				DSTROOT = /;
				EXCLUDED_ARCHS = "";
				GCC_DYNAMIC_NO_PIC = NO;
				GCC_OPTIMIZATION_LEVEL = 0;
				GCC_PREPROCESSOR_DEFINITIONS = (
					"_DEBUG=1",
					"DEBUG=1",
					"JUCE_DISPLAY_SPLASH_SCREEN=1",
					"JUCE_USE_DARK_SPLASH_SCREEN=1",
					"JUCE_PROJUCER_VERSION=0x70005",
					"JUCE_MODULE_AVAILABLE_juce_audio_basics=1",
					"JUCE_MODULE_AVAILABLE_juce_audio_devices=1",
					"JUCE_MODULE_AVAILABLE_juce_audio_formats=1",
					"JUCE_MODULE_AVAILABLE_juce_audio_plugin_client=1",
					"JUCE_MODULE_AVAILABLE_juce_audio_processors=1",
					"JUCE_MODULE_AVAILABLE_juce_audio_utils=1",
					"JUCE_MODULE_AVAILABLE_juce_core=1",
					"JUCE_MODULE_AVAILABLE_juce_data_structures=1",
					"JUCE_MODULE_AVAILABLE_juce_events=1",
					"JUCE_MODULE_AVAILABLE_juce_graphics=1",
					"JUCE_MODULE_AVAILABLE_juce_gui_basics=1",
					"JUCE_MODULE_AVAILABLE_juce_gui_extra=1",
					"JUCE_GLOBAL_MODULE_SETTINGS_INCLUDED=1",
					"JUCE_VST3_CAN_REPLACE_VST2=0",
					"JUCE_STRICT_REFCOUNTEDPOINTER=1",
					"JucePlugin_Build_VST=0",
					"JucePlugin_Build_VST3=0",
					"JucePlugin_Build_AU=1",
					"JucePlugin_Build_AUv3=0",
					"JucePlugin_Build_AAX=0",
					"JucePlugin_Build_Standalone=0",
					"JucePlugin_Build_Unity=0",
					"JucePlugin_Build_LV2=0",
					"JucePlugin_Enable_IAA=0",
					"JucePlugin_Enable_ARA=0",
					"JucePlugin_Name=\\\"plugintemplate\\\"",
					"JucePlugin_Desc=\\\"plugintemplate\\\"",
					"JucePlugin_Manufacturer=\\\"yourcompany\\\"",
					"JucePlugin_ManufacturerWebsite=\\\"www.yourcompany.com\\\"",
					"JucePlugin_ManufacturerEmail=\\\"\\\"",
					"JucePlugin_ManufacturerCode=0x4d616e75",
					"JucePlugin_PluginCode=0x50736579",
					"JucePlugin_IsSynth=0",
					"JucePlugin_WantsMidiInput=0",
					"JucePlugin_ProducesMidiOutput=0",
					"JucePlugin_IsMidiEffect=0",
					"JucePlugin_EditorRequiresKeyboardFocus=0",
					"JucePlugin_Version=1.0.0",
					"JucePlugin_VersionCode=0x10000",
					"JucePlugin_VersionString=\\\"1.0.0\\\"",
					"JucePlugin_VSTUniqueID=JucePlugin_PluginCode",
					"JucePlugin_VSTCategory=kPlugCategEffect",
					"JucePlugin_Vst3Category=\\\"Fx\\\"",
					"JucePlugin_AUMainType=\\'aufx\\'",
					"JucePlugin_AUSubType=JucePlugin_PluginCode",
					"JucePlugin_AUExportPrefix=plugintemplateAU",
					"JucePlugin_AUExportPrefixQuoted=\\\"plugintemplateAU\\\"",
					"JucePlugin_AUManufacturerCode=JucePlugin_ManufacturerCode",
					"JucePlugin_CFBundleIdentifier=com.yourcompany.plugintemplate",
					"JucePlugin_AAXIdentifier=com.yourcompany.plugintemplate",
					"JucePlugin_AAXManufacturerCode=JucePlugin_ManufacturerCode",
					"JucePlugin_AAXProductId=JucePlugin_PluginCode",
					"JucePlugin_AAXCategory=0",
					"JucePlugin_AAXDisableBypass=0",
					"JucePlugin_AAXDisableMultiMono=0",
					"JucePlugin_IAAType=0x61757278",
					"JucePlugin_IAASubType=JucePlugin_PluginCode",
					"JucePlugin_IAAName=\\\"yourcompany:\\ plugintemplate\\\"",
					"JucePlugin_VSTNumMidiInputs=16",
					"JucePlugin_VSTNumMidiOutputs=16",
					"JucePlugin_ARAContentTypes=0",
					"JucePlugin_ARATransformationFlags=0",
					"JucePlugin_ARAFactoryID=\\\"com.yourcompany.plugintemplate.factory\\\"",
					"JucePlugin_ARADocumentArchiveID=\\\"com.yourcompany.plugintemplate.aradocumentarchive.1.0.0\\\"",
					"JucePlugin_ARACompatibleArchiveIDs=\\\"\\\"",
					"JUCE_STANDALONE_APPLICATION=JucePlugin_Build_Standalone",
					"JUCER_XCODE_MAC_F6D2F4CF=1",
					"JUCE_APP_VERSION=1.0.0",
					"JUCE_APP_VERSION_HEX=0x10000",
				);
				GCC_VERSION = com.apple.compilers.llvm.clang.1_0;
				GENERATE_PKGINFO_FILE = YES;
				HEADER_SEARCH_PATHS = (
					"$(HOME)/JUCE/modules/juce_audio_processors/format_types/VST3_SDK",
					"$(SRCROOT)/../../JuceLibraryCode",
					"$(HOME)/JUCE/modules",
					"$(HOME)/JUCE/modules/juce_audio_plugin_client/AU",
					"$(inherited)",
				);
				INFOPLIST_FILE = Info-AU.plist;
				INFOPLIST_PREPROCESS = NO;
				INSTALL_PATH = "$(HOME)/Library/Audio/Plug-Ins/Components/";
				LIBRARY_STYLE = Bundle;
				MACOSX_DEPLOYMENT_TARGET = 10.13;
				MTL_HEADER_SEARCH_PATHS = "$(HOME)/JUCE/modules/juce_audio_processors/format_types/VST3_SDK $(SRCROOT)/../../JuceLibraryCode $(HOME)/JUCE/modules $(HOME)/JUCE/modules/juce_audio_plugin_client/AU";
				OTHER_LDFLAGS = "-bundle -lplugintemplate -weak_framework Metal -weak_framework MetalKit";
				OTHER_REZFLAGS = "-d ppc_$ppc -d i386_$i386 -d ppc64_$ppc64 -d x86_64_$x86_64 -d arm64_$arm64 -I /System/Library/Frameworks/CoreServices.framework/Frameworks/CarbonCore.framework/Versions/A/Headers -I \"$(DEVELOPER_DIR)/Extras/CoreAudio/AudioUnits/AUPublic/AUBase\" -I \"$(DEVELOPER_DIR)/Platforms/MacOSX.platform/Developer/SDKs/MacOSX.sdk/System/Library/Frameworks/AudioUnit.framework/Headers\"";
				PRODUCT_BUNDLE_IDENTIFIER = com.yourcompany.plugintemplate;
				PRODUCT_NAME = "plugintemplate";
				USE_HEADERMAP = NO;
				VALID_ARCHS = "i386 x86_64 arm64 arm64e";
				WRAPPER_EXTENSION = component;
			};
			name = Debug;
		};
		3DDC6AC9D80911BCB802F13E /* Release */ = {
			isa = XCBuildConfiguration;
			buildSettings = {
				CLANG_CXX_LANGUAGE_STANDARD = "c++17";
				CLANG_CXX_LIBRARY = "libc++";
				CLANG_LINK_OBJC_RUNTIME = NO;
				COMBINE_HIDPI_IMAGES = YES;
				CONFIGURATION_BUILD_DIR = "$(PROJECT_DIR)/build/$(CONFIGURATION)";
				DEAD_CODE_STRIPPING = YES;
				EXCLUDED_ARCHS = "";
				GCC_GENERATE_DEBUGGING_SYMBOLS = NO;
				GCC_OPTIMIZATION_LEVEL = 3;
				GCC_PREPROCESSOR_DEFINITIONS = (
					"_NDEBUG=1",
					"NDEBUG=1",
					"JUCE_DISPLAY_SPLASH_SCREEN=1",
					"JUCE_USE_DARK_SPLASH_SCREEN=1",
					"JUCE_PROJUCER_VERSION=0x70005",
					"JUCE_MODULE_AVAILABLE_juce_audio_basics=1",
					"JUCE_MODULE_AVAILABLE_juce_audio_devices=1",
					"JUCE_MODULE_AVAILABLE_juce_audio_formats=1",
					"JUCE_MODULE_AVAILABLE_juce_audio_plugin_client=1",
					"JUCE_MODULE_AVAILABLE_juce_audio_processors=1",
					"JUCE_MODULE_AVAILABLE_juce_audio_utils=1",
					"JUCE_MODULE_AVAILABLE_juce_core=1",
					"JUCE_MODULE_AVAILABLE_juce_data_structures=1",
					"JUCE_MODULE_AVAILABLE_juce_events=1",
					"JUCE_MODULE_AVAILABLE_juce_graphics=1",
					"JUCE_MODULE_AVAILABLE_juce_gui_basics=1",
					"JUCE_MODULE_AVAILABLE_juce_gui_extra=1",
					"JUCE_GLOBAL_MODULE_SETTINGS_INCLUDED=1",
					"JUCE_VST3_CAN_REPLACE_VST2=0",
					"JUCE_STRICT_REFCOUNTEDPOINTER=1",
					"JucePlugin_Build_VST=0",
					"JucePlugin_Build_VST3=0",
					"JucePlugin_Build_AU=0",
					"JucePlugin_Build_AUv3=0",
					"JucePlugin_Build_AAX=0",
					"JucePlugin_Build_Standalone=1",
					"JucePlugin_Build_Unity=0",
					"JucePlugin_Build_LV2=0",
					"JucePlugin_Enable_IAA=0",
					"JucePlugin_Enable_ARA=0",
					"JucePlugin_Name=\\\"plugintemplate\\\"",
					"JucePlugin_Desc=\\\"plugintemplate\\\"",
					"JucePlugin_Manufacturer=\\\"yourcompany\\\"",
					"JucePlugin_ManufacturerWebsite=\\\"www.yourcompany.com\\\"",
					"JucePlugin_ManufacturerEmail=\\\"\\\"",
					"JucePlugin_ManufacturerCode=0x4d616e75",
					"JucePlugin_PluginCode=0x50736579",
					"JucePlugin_IsSynth=0",
					"JucePlugin_WantsMidiInput=0",
					"JucePlugin_ProducesMidiOutput=0",
					"JucePlugin_IsMidiEffect=0",
					"JucePlugin_EditorRequiresKeyboardFocus=0",
					"JucePlugin_Version=1.0.0",
					"JucePlugin_VersionCode=0x10000",
					"JucePlugin_VersionString=\\\"1.0.0\\\"",
					"JucePlugin_VSTUniqueID=JucePlugin_PluginCode",
					"JucePlugin_VSTCategory=kPlugCategEffect",
					"JucePlugin_Vst3Category=\\\"Fx\\\"",
					"JucePlugin_AUMainType=\\'aufx\\'",
					"JucePlugin_AUSubType=JucePlugin_PluginCode",
					"JucePlugin_AUExportPrefix=plugintemplateAU",
					"JucePlugin_AUExportPrefixQuoted=\\\"plugintemplateAU\\\"",
					"JucePlugin_AUManufacturerCode=JucePlugin_ManufacturerCode",
					"JucePlugin_CFBundleIdentifier=com.yourcompany.plugintemplate",
					"JucePlugin_AAXIdentifier=com.yourcompany.plugintemplate",
					"JucePlugin_AAXManufacturerCode=JucePlugin_ManufacturerCode",
					"JucePlugin_AAXProductId=JucePlugin_PluginCode",
					"JucePlugin_AAXCategory=0",
					"JucePlugin_AAXDisableBypass=0",
					"JucePlugin_AAXDisableMultiMono=0",
					"JucePlugin_IAAType=0x61757278",
					"JucePlugin_IAASubType=JucePlugin_PluginCode",
					"JucePlugin_IAAName=\\\"yourcompany:\\ plugintemplate\\\"",
					"JucePlugin_VSTNumMidiInputs=16",
					"JucePlugin_VSTNumMidiOutputs=16",
					"JucePlugin_ARAContentTypes=0",
					"JucePlugin_ARATransformationFlags=0",
					"JucePlugin_ARAFactoryID=\\\"com.yourcompany.plugintemplate.factory\\\"",
					"JucePlugin_ARADocumentArchiveID=\\\"com.yourcompany.plugintemplate.aradocumentarchive.1.0.0\\\"",
					"JucePlugin_ARACompatibleArchiveIDs=\\\"\\\"",
					"JUCE_STANDALONE_APPLICATION=JucePlugin_Build_Standalone",
					"JUCER_XCODE_MAC_F6D2F4CF=1",
					"JUCE_APP_VERSION=1.0.0",
					"JUCE_APP_VERSION_HEX=0x10000",
				);
				GCC_VERSION = com.apple.compilers.llvm.clang.1_0;
				HEADER_SEARCH_PATHS = (
					"$(HOME)/JUCE/modules/juce_audio_processors/format_types/VST3_SDK",
					"$(SRCROOT)/../../JuceLibraryCode",
					"$(HOME)/JUCE/modules",
					"$(HOME)/JUCE/modules/juce_audio_plugin_client/AU",
					"$(inherited)",
				);
				INFOPLIST_FILE = Info-Standalone_Plugin.plist;
				INFOPLIST_PREPROCESS = NO;
				LLVM_LTO = YES;
				MACOSX_DEPLOYMENT_TARGET = 10.13;
				MTL_HEADER_SEARCH_PATHS = "$(HOME)/JUCE/modules/juce_audio_processors/format_types/VST3_SDK $(SRCROOT)/../../JuceLibraryCode $(HOME)/JUCE/modules $(HOME)/JUCE/modules/juce_audio_plugin_client/AU";
				OTHER_LDFLAGS = "-lplugintemplate -weak_framework Metal -weak_framework MetalKit";
				PRODUCT_BUNDLE_IDENTIFIER = com.yourcompany.plugintemplate;
				PRODUCT_NAME = "plugintemplate";
				USE_HEADERMAP = NO;
				VALID_ARCHS = "i386 x86_64 arm64 arm64e";
			};
			name = Release;
		};
		5043076A58AE5694A2ED8364 /* Debug */ = {
			isa = XCBuildConfiguration;
			buildSettings = {
				CLANG_CXX_LANGUAGE_STANDARD = "c++17";
				CLANG_CXX_LIBRARY = "libc++";
				CLANG_LINK_OBJC_RUNTIME = NO;
				COMBINE_HIDPI_IMAGES = YES;
				CONFIGURATION_BUILD_DIR = "$(PROJECT_DIR)/build/$(CONFIGURATION)";
				COPY_PHASE_STRIP = NO;
				EXCLUDED_ARCHS = "";
				GCC_DYNAMIC_NO_PIC = NO;
				GCC_OPTIMIZATION_LEVEL = 0;
				GCC_PREPROCESSOR_DEFINITIONS = (
					"_DEBUG=1",
					"DEBUG=1",
					"JUCE_DISPLAY_SPLASH_SCREEN=1",
					"JUCE_USE_DARK_SPLASH_SCREEN=1",
					"JUCE_PROJUCER_VERSION=0x70005",
					"JUCE_MODULE_AVAILABLE_juce_audio_basics=1",
					"JUCE_MODULE_AVAILABLE_juce_audio_devices=1",
					"JUCE_MODULE_AVAILABLE_juce_audio_formats=1",
					"JUCE_MODULE_AVAILABLE_juce_audio_plugin_client=1",
					"JUCE_MODULE_AVAILABLE_juce_audio_processors=1",
					"JUCE_MODULE_AVAILABLE_juce_audio_utils=1",
					"JUCE_MODULE_AVAILABLE_juce_core=1",
					"JUCE_MODULE_AVAILABLE_juce_data_structures=1",
					"JUCE_MODULE_AVAILABLE_juce_events=1",
					"JUCE_MODULE_AVAILABLE_juce_graphics=1",
					"JUCE_MODULE_AVAILABLE_juce_gui_basics=1",
					"JUCE_MODULE_AVAILABLE_juce_gui_extra=1",
					"JUCE_GLOBAL_MODULE_SETTINGS_INCLUDED=1",
					"JUCE_VST3_CAN_REPLACE_VST2=0",
					"JUCE_STRICT_REFCOUNTEDPOINTER=1",
					"JucePlugin_Build_VST=0",
					"JucePlugin_Build_VST3=1",
					"JucePlugin_Build_AU=1",
					"JucePlugin_Build_AUv3=0",
					"JucePlugin_Build_AAX=0",
					"JucePlugin_Build_Standalone=1",
					"JucePlugin_Build_Unity=0",
					"JucePlugin_Build_LV2=0",
					"JucePlugin_Enable_IAA=0",
					"JucePlugin_Enable_ARA=0",
					"JucePlugin_Name=\\\"plugintemplate\\\"",
					"JucePlugin_Desc=\\\"plugintemplate\\\"",
					"JucePlugin_Manufacturer=\\\"yourcompany\\\"",
					"JucePlugin_ManufacturerWebsite=\\\"www.yourcompany.com\\\"",
					"JucePlugin_ManufacturerEmail=\\\"\\\"",
					"JucePlugin_ManufacturerCode=0x4d616e75",
					"JucePlugin_PluginCode=0x50736579",
					"JucePlugin_IsSynth=0",
					"JucePlugin_WantsMidiInput=0",
					"JucePlugin_ProducesMidiOutput=0",
					"JucePlugin_IsMidiEffect=0",
					"JucePlugin_EditorRequiresKeyboardFocus=0",
					"JucePlugin_Version=1.0.0",
					"JucePlugin_VersionCode=0x10000",
					"JucePlugin_VersionString=\\\"1.0.0\\\"",
					"JucePlugin_VSTUniqueID=JucePlugin_PluginCode",
					"JucePlugin_VSTCategory=kPlugCategEffect",
					"JucePlugin_Vst3Category=\\\"Fx\\\"",
					"JucePlugin_AUMainType=\\'aufx\\'",
					"JucePlugin_AUSubType=JucePlugin_PluginCode",
					"JucePlugin_AUExportPrefix=plugintemplateAU",
					"JucePlugin_AUExportPrefixQuoted=\\\"plugintemplateAU\\\"",
					"JucePlugin_AUManufacturerCode=JucePlugin_ManufacturerCode",
					"JucePlugin_CFBundleIdentifier=com.yourcompany.plugintemplate",
					"JucePlugin_AAXIdentifier=com.yourcompany.plugintemplate",
					"JucePlugin_AAXManufacturerCode=JucePlugin_ManufacturerCode",
					"JucePlugin_AAXProductId=JucePlugin_PluginCode",
					"JucePlugin_AAXCategory=0",
					"JucePlugin_AAXDisableBypass=0",
					"JucePlugin_AAXDisableMultiMono=0",
					"JucePlugin_IAAType=0x61757278",
					"JucePlugin_IAASubType=JucePlugin_PluginCode",
					"JucePlugin_IAAName=\\\"yourcompany:\\ plugintemplate\\\"",
					"JucePlugin_VSTNumMidiInputs=16",
					"JucePlugin_VSTNumMidiOutputs=16",
					"JucePlugin_ARAContentTypes=0",
					"JucePlugin_ARATransformationFlags=0",
					"JucePlugin_ARAFactoryID=\\\"com.yourcompany.plugintemplate.factory\\\"",
					"JucePlugin_ARADocumentArchiveID=\\\"com.yourcompany.plugintemplate.aradocumentarchive.1.0.0\\\"",
					"JucePlugin_ARACompatibleArchiveIDs=\\\"\\\"",
					"JUCE_STANDALONE_APPLICATION=JucePlugin_Build_Standalone",
					"JUCER_XCODE_MAC_F6D2F4CF=1",
					"JUCE_APP_VERSION=1.0.0",
					"JUCE_APP_VERSION_HEX=0x10000",
					"JUCE_SHARED_CODE=1",
				);
				GCC_VERSION = com.apple.compilers.llvm.clang.1_0;
				HEADER_SEARCH_PATHS = (
					"$(HOME)/JUCE/modules/juce_audio_processors/format_types/VST3_SDK",
					"$(SRCROOT)/../../JuceLibraryCode",
					"$(HOME)/JUCE/modules",
					"$(HOME)/JUCE/modules/juce_audio_plugin_client/AU",
					"$(inherited)",
				);
				INSTALL_PATH = "@executable_path/../Frameworks";
				MACOSX_DEPLOYMENT_TARGET = 10.13;
				MTL_HEADER_SEARCH_PATHS = "$(HOME)/JUCE/modules/juce_audio_processors/format_types/VST3_SDK $(SRCROOT)/../../JuceLibraryCode $(HOME)/JUCE/modules $(HOME)/JUCE/modules/juce_audio_plugin_client/AU";
				OTHER_LDFLAGS = "-weak_framework Metal -weak_framework MetalKit";
				PRODUCT_BUNDLE_IDENTIFIER = com.yourcompany.plugintemplate;
				PRODUCT_NAME = "plugintemplate";
				SKIP_INSTALL = YES;
				USE_HEADERMAP = NO;
				VALID_ARCHS = "i386 x86_64 arm64 arm64e";
			};
			name = Debug;
		};
		74DCD382211E91A4D464EB62 /* Release */ = {
			isa = XCBuildConfiguration;
			buildSettings = {
				MACOSX_DEPLOYMENT_TARGET = 10.13;
				SDKROOT = macosx;
			};
			name = Release;
		};
		9BCFED52DAD567C2AE454333 /* Debug */ = {
			isa = XCBuildConfiguration;
			buildSettings = {
				CLANG_CXX_LANGUAGE_STANDARD = "c++17";
				CLANG_CXX_LIBRARY = "libc++";
				CLANG_LINK_OBJC_RUNTIME = NO;
				COMBINE_HIDPI_IMAGES = YES;
				CONFIGURATION_BUILD_DIR = "$(PROJECT_DIR)/build/$(CONFIGURATION)";
				COPY_PHASE_STRIP = NO;
				DEPLOYMENT_LOCATION = YES;
				DSTROOT = /;
				EXCLUDED_ARCHS = "";
				GCC_DYNAMIC_NO_PIC = NO;
				GCC_OPTIMIZATION_LEVEL = 0;
				GCC_PREPROCESSOR_DEFINITIONS = (
					"_DEBUG=1",
					"DEBUG=1",
					"JUCE_DISPLAY_SPLASH_SCREEN=1",
					"JUCE_USE_DARK_SPLASH_SCREEN=1",
					"JUCE_PROJUCER_VERSION=0x70005",
					"JUCE_MODULE_AVAILABLE_juce_audio_basics=1",
					"JUCE_MODULE_AVAILABLE_juce_audio_devices=1",
					"JUCE_MODULE_AVAILABLE_juce_audio_formats=1",
					"JUCE_MODULE_AVAILABLE_juce_audio_plugin_client=1",
					"JUCE_MODULE_AVAILABLE_juce_audio_processors=1",
					"JUCE_MODULE_AVAILABLE_juce_audio_utils=1",
					"JUCE_MODULE_AVAILABLE_juce_core=1",
					"JUCE_MODULE_AVAILABLE_juce_data_structures=1",
					"JUCE_MODULE_AVAILABLE_juce_events=1",
					"JUCE_MODULE_AVAILABLE_juce_graphics=1",
					"JUCE_MODULE_AVAILABLE_juce_gui_basics=1",
					"JUCE_MODULE_AVAILABLE_juce_gui_extra=1",
					"JUCE_GLOBAL_MODULE_SETTINGS_INCLUDED=1",
					"JUCE_VST3_CAN_REPLACE_VST2=0",
					"JUCE_STRICT_REFCOUNTEDPOINTER=1",
					"JucePlugin_Build_VST=0",
					"JucePlugin_Build_VST3=1",
					"JucePlugin_Build_AU=0",
					"JucePlugin_Build_AUv3=0",
					"JucePlugin_Build_AAX=0",
					"JucePlugin_Build_Standalone=0",
					"JucePlugin_Build_Unity=0",
					"JucePlugin_Build_LV2=0",
					"JucePlugin_Enable_IAA=0",
					"JucePlugin_Enable_ARA=0",
					"JucePlugin_Name=\\\"plugintemplate\\\"",
					"JucePlugin_Desc=\\\"plugintemplate\\\"",
					"JucePlugin_Manufacturer=\\\"yourcompany\\\"",
					"JucePlugin_ManufacturerWebsite=\\\"www.yourcompany.com\\\"",
					"JucePlugin_ManufacturerEmail=\\\"\\\"",
					"JucePlugin_ManufacturerCode=0x4d616e75",
					"JucePlugin_PluginCode=0x50736579",
					"JucePlugin_IsSynth=0",
					"JucePlugin_WantsMidiInput=0",
					"JucePlugin_ProducesMidiOutput=0",
					"JucePlugin_IsMidiEffect=0",
					"JucePlugin_EditorRequiresKeyboardFocus=0",
					"JucePlugin_Version=1.0.0",
					"JucePlugin_VersionCode=0x10000",
					"JucePlugin_VersionString=\\\"1.0.0\\\"",
					"JucePlugin_VSTUniqueID=JucePlugin_PluginCode",
					"JucePlugin_VSTCategory=kPlugCategEffect",
					"JucePlugin_Vst3Category=\\\"Fx\\\"",
					"JucePlugin_AUMainType=\\'aufx\\'",
					"JucePlugin_AUSubType=JucePlugin_PluginCode",
					"JucePlugin_AUExportPrefix=plugintemplateAU",
					"JucePlugin_AUExportPrefixQuoted=\\\"plugintemplateAU\\\"",
					"JucePlugin_AUManufacturerCode=JucePlugin_ManufacturerCode",
					"JucePlugin_CFBundleIdentifier=com.yourcompany.plugintemplate",
					"JucePlugin_AAXIdentifier=com.yourcompany.plugintemplate",
					"JucePlugin_AAXManufacturerCode=JucePlugin_ManufacturerCode",
					"JucePlugin_AAXProductId=JucePlugin_PluginCode",
					"JucePlugin_AAXCategory=0",
					"JucePlugin_AAXDisableBypass=0",
					"JucePlugin_AAXDisableMultiMono=0",
					"JucePlugin_IAAType=0x61757278",
					"JucePlugin_IAASubType=JucePlugin_PluginCode",
					"JucePlugin_IAAName=\\\"yourcompany:\\ plugintemplate\\\"",
					"JucePlugin_VSTNumMidiInputs=16",
					"JucePlugin_VSTNumMidiOutputs=16",
					"JucePlugin_ARAContentTypes=0",
					"JucePlugin_ARATransformationFlags=0",
					"JucePlugin_ARAFactoryID=\\\"com.yourcompany.plugintemplate.factory\\\"",
					"JucePlugin_ARADocumentArchiveID=\\\"com.yourcompany.plugintemplate.aradocumentarchive.1.0.0\\\"",
					"JucePlugin_ARACompatibleArchiveIDs=\\\"\\\"",
					"JUCE_STANDALONE_APPLICATION=JucePlugin_Build_Standalone",
					"JUCER_XCODE_MAC_F6D2F4CF=1",
					"JUCE_APP_VERSION=1.0.0",
					"JUCE_APP_VERSION_HEX=0x10000",
				);
				GCC_VERSION = com.apple.compilers.llvm.clang.1_0;
				GENERATE_PKGINFO_FILE = YES;
				HEADER_SEARCH_PATHS = (
					"$(HOME)/JUCE/modules/juce_audio_processors/format_types/VST3_SDK",
					"$(SRCROOT)/../../JuceLibraryCode",
					"$(HOME)/JUCE/modules",
					"$(HOME)/JUCE/modules/juce_audio_plugin_client/AU",
					"$(inherited)",
				);
				INFOPLIST_FILE = Info-VST3.plist;
				INFOPLIST_PREPROCESS = NO;
				INSTALL_PATH = "$(HOME)/Library/Audio/Plug-Ins/VST3/";
				LIBRARY_STYLE = Bundle;
				MACOSX_DEPLOYMENT_TARGET = 10.13;
				MTL_HEADER_SEARCH_PATHS = "$(HOME)/JUCE/modules/juce_audio_processors/format_types/VST3_SDK $(SRCROOT)/../../JuceLibraryCode $(HOME)/JUCE/modules $(HOME)/JUCE/modules/juce_audio_plugin_client/AU";
				OTHER_LDFLAGS = "-bundle -lplugintemplate -weak_framework Metal -weak_framework MetalKit";
				PRODUCT_BUNDLE_IDENTIFIER = com.yourcompany.plugintemplate;
				PRODUCT_NAME = "plugintemplate";
				USE_HEADERMAP = NO;
				VALID_ARCHS = "i386 x86_64 arm64 arm64e";
				WRAPPER_EXTENSION = vst3;
			};
			name = Debug;
		};
		AA40640CCF9706480C7124A9 /* Debug */ = {
			isa = XCBuildConfiguration;
			buildSettings = {
				MACOSX_DEPLOYMENT_TARGET = 10.13;
				SDKROOT = macosx;
			};
			name = Debug;
		};
		B2B93E4AE9CB8F2C1EDFE00D /* Release */ = {
			isa = XCBuildConfiguration;
			buildSettings = {
				CLANG_CXX_LANGUAGE_STANDARD = "c++17";
				CLANG_CXX_LIBRARY = "libc++";
				CLANG_LINK_OBJC_RUNTIME = NO;
				COMBINE_HIDPI_IMAGES = YES;
				CONFIGURATION_BUILD_DIR = "$(PROJECT_DIR)/build/$(CONFIGURATION)";
				DEAD_CODE_STRIPPING = YES;
				EXCLUDED_ARCHS = "";
				GCC_GENERATE_DEBUGGING_SYMBOLS = NO;
				GCC_OPTIMIZATION_LEVEL = 3;
				GCC_PREPROCESSOR_DEFINITIONS = (
					"_NDEBUG=1",
					"NDEBUG=1",
					"JUCE_DISPLAY_SPLASH_SCREEN=1",
					"JUCE_USE_DARK_SPLASH_SCREEN=1",
					"JUCE_PROJUCER_VERSION=0x70005",
					"JUCE_MODULE_AVAILABLE_juce_audio_basics=1",
					"JUCE_MODULE_AVAILABLE_juce_audio_devices=1",
					"JUCE_MODULE_AVAILABLE_juce_audio_formats=1",
					"JUCE_MODULE_AVAILABLE_juce_audio_plugin_client=1",
					"JUCE_MODULE_AVAILABLE_juce_audio_processors=1",
					"JUCE_MODULE_AVAILABLE_juce_audio_utils=1",
					"JUCE_MODULE_AVAILABLE_juce_core=1",
					"JUCE_MODULE_AVAILABLE_juce_data_structures=1",
					"JUCE_MODULE_AVAILABLE_juce_events=1",
					"JUCE_MODULE_AVAILABLE_juce_graphics=1",
					"JUCE_MODULE_AVAILABLE_juce_gui_basics=1",
					"JUCE_MODULE_AVAILABLE_juce_gui_extra=1",
					"JUCE_GLOBAL_MODULE_SETTINGS_INCLUDED=1",
					"JUCE_VST3_CAN_REPLACE_VST2=0",
					"JUCE_STRICT_REFCOUNTEDPOINTER=1",
					"JucePlugin_Build_VST=0",
					"JucePlugin_Build_VST3=1",
					"JucePlugin_Build_AU=1",
					"JucePlugin_Build_AUv3=0",
					"JucePlugin_Build_AAX=0",
					"JucePlugin_Build_Standalone=1",
					"JucePlugin_Build_Unity=0",
					"JucePlugin_Build_LV2=0",
					"JucePlugin_Enable_IAA=0",
					"JucePlugin_Enable_ARA=0",
					"JucePlugin_Name=\\\"plugintemplate\\\"",
					"JucePlugin_Desc=\\\"plugintemplate\\\"",
					"JucePlugin_Manufacturer=\\\"yourcompany\\\"",
					"JucePlugin_ManufacturerWebsite=\\\"www.yourcompany.com\\\"",
					"JucePlugin_ManufacturerEmail=\\\"\\\"",
					"JucePlugin_ManufacturerCode=0x4d616e75",
					"JucePlugin_PluginCode=0x50736579",
					"JucePlugin_IsSynth=0",
					"JucePlugin_WantsMidiInput=0",
					"JucePlugin_ProducesMidiOutput=0",
					"JucePlugin_IsMidiEffect=0",
					"JucePlugin_EditorRequiresKeyboardFocus=0",
					"JucePlugin_Version=1.0.0",
					"JucePlugin_VersionCode=0x10000",
					"JucePlugin_VersionString=\\\"1.0.0\\\"",
					"JucePlugin_VSTUniqueID=JucePlugin_PluginCode",
					"JucePlugin_VSTCategory=kPlugCategEffect",
					"JucePlugin_Vst3Category=\\\"Fx\\\"",
					"JucePlugin_AUMainType=\\'aufx\\'",
					"JucePlugin_AUSubType=JucePlugin_PluginCode",
					"JucePlugin_AUExportPrefix=plugintemplateAU",
					"JucePlugin_AUExportPrefixQuoted=\\\"plugintemplateAU\\\"",
					"JucePlugin_AUManufacturerCode=JucePlugin_ManufacturerCode",
					"JucePlugin_CFBundleIdentifier=com.yourcompany.plugintemplate",
					"JucePlugin_AAXIdentifier=com.yourcompany.plugintemplate",
					"JucePlugin_AAXManufacturerCode=JucePlugin_ManufacturerCode",
					"JucePlugin_AAXProductId=JucePlugin_PluginCode",
					"JucePlugin_AAXCategory=0",
					"JucePlugin_AAXDisableBypass=0",
					"JucePlugin_AAXDisableMultiMono=0",
					"JucePlugin_IAAType=0x61757278",
					"JucePlugin_IAASubType=JucePlugin_PluginCode",
					"JucePlugin_IAAName=\\\"yourcompany:\\ plugintemplate\\\"",
					"JucePlugin_VSTNumMidiInputs=16",
					"JucePlugin_VSTNumMidiOutputs=16",
					"JucePlugin_ARAContentTypes=0",
					"JucePlugin_ARATransformationFlags=0",
					"JucePlugin_ARAFactoryID=\\\"com.yourcompany.plugintemplate.factory\\\"",
					"JucePlugin_ARADocumentArchiveID=\\\"com.yourcompany.plugintemplate.aradocumentarchive.1.0.0\\\"",
					"JucePlugin_ARACompatibleArchiveIDs=\\\"\\\"",
					"JUCE_STANDALONE_APPLICATION=JucePlugin_Build_Standalone",
					"JUCER_XCODE_MAC_F6D2F4CF=1",
					"JUCE_APP_VERSION=1.0.0",
					"JUCE_APP_VERSION_HEX=0x10000",
					"JUCE_SHARED_CODE=1",
				);
				GCC_VERSION = com.apple.compilers.llvm.clang.1_0;
				HEADER_SEARCH_PATHS = (
					"$(HOME)/JUCE/modules/juce_audio_processors/format_types/VST3_SDK",
					"$(SRCROOT)/../../JuceLibraryCode",
					"$(HOME)/JUCE/modules",
					"$(HOME)/JUCE/modules/juce_audio_plugin_client/AU",
					"$(inherited)",
				);
				INSTALL_PATH = "@executable_path/../Frameworks";
				LLVM_LTO = YES;
				MACOSX_DEPLOYMENT_TARGET = 10.13;
				MTL_HEADER_SEARCH_PATHS = "$(HOME)/JUCE/modules/juce_audio_processors/format_types/VST3_SDK $(SRCROOT)/../../JuceLibraryCode $(HOME)/JUCE/modules $(HOME)/JUCE/modules/juce_audio_plugin_client/AU";
				OTHER_LDFLAGS = "-weak_framework Metal -weak_framework MetalKit";
				PRODUCT_BUNDLE_IDENTIFIER = com.yourcompany.plugintemplate;
				PRODUCT_NAME = "plugintemplate";
				SKIP_INSTALL = YES;
				USE_HEADERMAP = NO;
				VALID_ARCHS = "i386 x86_64 arm64 arm64e";
			};
			name = Release;
		};
		BB713F3AAFDF09B98FE2389A /* Debug */ = {
			isa = XCBuildConfiguration;
			buildSettings = {
				ALWAYS_SEARCH_USER_PATHS = NO;
				CLANG_ENABLE_OBJC_WEAK = YES;
				CLANG_WARN_BLOCK_CAPTURE_AUTORELEASING = YES;
				CLANG_WARN_BOOL_CONVERSION = YES;
				CLANG_WARN_COMMA = YES;
				CLANG_WARN_CONSTANT_CONVERSION = YES;
				CLANG_WARN_DEPRECATED_OBJC_IMPLEMENTATIONS = YES;
				CLANG_WARN_EMPTY_BODY = YES;
				CLANG_WARN_ENUM_CONVERSION = YES;
				CLANG_WARN_INFINITE_RECURSION = YES;
				CLANG_WARN_INT_CONVERSION = YES;
				CLANG_WARN_NON_LITERAL_NULL_CONVERSION = YES;
				CLANG_WARN_OBJC_IMPLICIT_RETAIN_SELF = YES;
				CLANG_WARN_OBJC_LITERAL_CONVERSION = YES;
				CLANG_WARN_RANGE_LOOP_ANALYSIS = YES;
				CLANG_WARN_STRICT_PROTOTYPES = YES;
				CLANG_WARN_SUSPICIOUS_MOVE = YES;
				CLANG_WARN_UNREACHABLE_CODE = YES;
				CLANG_WARN__DUPLICATE_METHOD_MATCH = YES;
				DEBUG_INFORMATION_FORMAT = dwarf;
				ENABLE_STRICT_OBJC_MSGSEND = YES;
				ENABLE_TESTABILITY = NO;
				GCC_C_LANGUAGE_STANDARD = c11;
				GCC_INLINES_ARE_PRIVATE_EXTERN = YES;
				GCC_MODEL_TUNING = G5;
				GCC_NO_COMMON_BLOCKS = YES;
				GCC_SYMBOLS_PRIVATE_EXTERN = YES;
				GCC_WARN_64_TO_32_BIT_CONVERSION = YES;
				GCC_WARN_ABOUT_RETURN_TYPE = YES;
				GCC_WARN_CHECK_SWITCH_STATEMENTS = YES;
				GCC_WARN_MISSING_PARENTHESES = YES;
				GCC_WARN_NON_VIRTUAL_DESTRUCTOR = YES;
				GCC_WARN_TYPECHECK_CALLS_TO_PRINTF = YES;
				GCC_WARN_UNDECLARED_SELECTOR = YES;
				GCC_WARN_UNINITIALIZED_AUTOS = YES;
				GCC_WARN_UNUSED_FUNCTION = YES;
				GCC_WARN_UNUSED_VARIABLE = YES;
				ONLY_ACTIVE_ARCH = YES;
				PRODUCT_NAME = "plugintemplate";
				SDKROOT = macosx;
				WARNING_CFLAGS = "-Wreorder";
				ZERO_LINK = NO;
			};
			name = Debug;
		};
		DA31568FA33F4F62FC5E9E97 /* Debug */ = {
			isa = XCBuildConfiguration;
			buildSettings = {
				CLANG_CXX_LANGUAGE_STANDARD = "c++17";
				CLANG_CXX_LIBRARY = "libc++";
				CLANG_LINK_OBJC_RUNTIME = NO;
				COMBINE_HIDPI_IMAGES = YES;
				CONFIGURATION_BUILD_DIR = "$(PROJECT_DIR)/build/$(CONFIGURATION)";
				COPY_PHASE_STRIP = NO;
				EXCLUDED_ARCHS = "";
				GCC_DYNAMIC_NO_PIC = NO;
				GCC_OPTIMIZATION_LEVEL = 0;
				GCC_PREPROCESSOR_DEFINITIONS = (
					"_DEBUG=1",
					"DEBUG=1",
					"JUCE_DISPLAY_SPLASH_SCREEN=1",
					"JUCE_USE_DARK_SPLASH_SCREEN=1",
					"JUCE_PROJUCER_VERSION=0x70005",
					"JUCE_MODULE_AVAILABLE_juce_audio_basics=1",
					"JUCE_MODULE_AVAILABLE_juce_audio_devices=1",
					"JUCE_MODULE_AVAILABLE_juce_audio_formats=1",
					"JUCE_MODULE_AVAILABLE_juce_audio_plugin_client=1",
					"JUCE_MODULE_AVAILABLE_juce_audio_processors=1",
					"JUCE_MODULE_AVAILABLE_juce_audio_utils=1",
					"JUCE_MODULE_AVAILABLE_juce_core=1",
					"JUCE_MODULE_AVAILABLE_juce_data_structures=1",
					"JUCE_MODULE_AVAILABLE_juce_events=1",
					"JUCE_MODULE_AVAILABLE_juce_graphics=1",
					"JUCE_MODULE_AVAILABLE_juce_gui_basics=1",
					"JUCE_MODULE_AVAILABLE_juce_gui_extra=1",
					"JUCE_GLOBAL_MODULE_SETTINGS_INCLUDED=1",
					"JUCE_VST3_CAN_REPLACE_VST2=0",
					"JUCE_STRICT_REFCOUNTEDPOINTER=1",
					"JucePlugin_Build_VST=0",
					"JucePlugin_Build_VST3=0",
					"JucePlugin_Build_AU=0",
					"JucePlugin_Build_AUv3=0",
					"JucePlugin_Build_AAX=0",
					"JucePlugin_Build_Standalone=1",
					"JucePlugin_Build_Unity=0",
					"JucePlugin_Build_LV2=0",
					"JucePlugin_Enable_IAA=0",
					"JucePlugin_Enable_ARA=0",
					"JucePlugin_Name=\\\"plugintemplate\\\"",
					"JucePlugin_Desc=\\\"plugintemplate\\\"",
					"JucePlugin_Manufacturer=\\\"yourcompany\\\"",
					"JucePlugin_ManufacturerWebsite=\\\"www.yourcompany.com\\\"",
					"JucePlugin_ManufacturerEmail=\\\"\\\"",
					"JucePlugin_ManufacturerCode=0x4d616e75",
					"JucePlugin_PluginCode=0x50736579",
					"JucePlugin_IsSynth=0",
					"JucePlugin_WantsMidiInput=0",
					"JucePlugin_ProducesMidiOutput=0",
					"JucePlugin_IsMidiEffect=0",
					"JucePlugin_EditorRequiresKeyboardFocus=0",
					"JucePlugin_Version=1.0.0",
					"JucePlugin_VersionCode=0x10000",
					"JucePlugin_VersionString=\\\"1.0.0\\\"",
					"JucePlugin_VSTUniqueID=JucePlugin_PluginCode",
					"JucePlugin_VSTCategory=kPlugCategEffect",
					"JucePlugin_Vst3Category=\\\"Fx\\\"",
					"JucePlugin_AUMainType=\\'aufx\\'",
					"JucePlugin_AUSubType=JucePlugin_PluginCode",
					"JucePlugin_AUExportPrefix=plugintemplateAU",
					"JucePlugin_AUExportPrefixQuoted=\\\"plugintemplateAU\\\"",
					"JucePlugin_AUManufacturerCode=JucePlugin_ManufacturerCode",
					"JucePlugin_CFBundleIdentifier=com.yourcompany.plugintemplate",
					"JucePlugin_AAXIdentifier=com.yourcompany.plugintemplate",
					"JucePlugin_AAXManufacturerCode=JucePlugin_ManufacturerCode",
					"JucePlugin_AAXProductId=JucePlugin_PluginCode",
					"JucePlugin_AAXCategory=0",
					"JucePlugin_AAXDisableBypass=0",
					"JucePlugin_AAXDisableMultiMono=0",
					"JucePlugin_IAAType=0x61757278",
					"JucePlugin_IAASubType=JucePlugin_PluginCode",
					"JucePlugin_IAAName=\\\"yourcompany:\\ plugintemplate\\\"",
					"JucePlugin_VSTNumMidiInputs=16",
					"JucePlugin_VSTNumMidiOutputs=16",
					"JucePlugin_ARAContentTypes=0",
					"JucePlugin_ARATransformationFlags=0",
					"JucePlugin_ARAFactoryID=\\\"com.yourcompany.plugintemplate.factory\\\"",
					"JucePlugin_ARADocumentArchiveID=\\\"com.yourcompany.plugintemplate.aradocumentarchive.1.0.0\\\"",
					"JucePlugin_ARACompatibleArchiveIDs=\\\"\\\"",
					"JUCE_STANDALONE_APPLICATION=JucePlugin_Build_Standalone",
					"JUCER_XCODE_MAC_F6D2F4CF=1",
					"JUCE_APP_VERSION=1.0.0",
					"JUCE_APP_VERSION_HEX=0x10000",
				);
				GCC_VERSION = com.apple.compilers.llvm.clang.1_0;
				HEADER_SEARCH_PATHS = (
					"$(HOME)/JUCE/modules/juce_audio_processors/format_types/VST3_SDK",
					"$(SRCROOT)/../../JuceLibraryCode",
					"$(HOME)/JUCE/modules",
					"$(HOME)/JUCE/modules/juce_audio_plugin_client/AU",
					"$(inherited)",
				);
				INFOPLIST_FILE = Info-Standalone_Plugin.plist;
				INFOPLIST_PREPROCESS = NO;
				MACOSX_DEPLOYMENT_TARGET = 10.13;
				MTL_HEADER_SEARCH_PATHS = "$(HOME)/JUCE/modules/juce_audio_processors/format_types/VST3_SDK $(SRCROOT)/../../JuceLibraryCode $(HOME)/JUCE/modules $(HOME)/JUCE/modules/juce_audio_plugin_client/AU";
				OTHER_LDFLAGS = "-lplugintemplate -weak_framework Metal -weak_framework MetalKit";
				PRODUCT_BUNDLE_IDENTIFIER = com.yourcompany.plugintemplate;
				PRODUCT_NAME = "plugintemplate";
				USE_HEADERMAP = NO;
				VALID_ARCHS = "i386 x86_64 arm64 arm64e";
			};
			name = Debug;
		};
/* End XCBuildConfiguration section */

/* Begin XCConfigurationList section */
		379335CB9148FEDAAD0682F9 = {
			isa = XCConfigurationList;
			buildConfigurations = (
				39BD3A68C7C6F24370BBE49D,
				01D84B6FE57229598970431E,
			);
			defaultConfigurationIsVisible = 0;
			defaultConfigurationName = Debug;
		};
		5D8610EC14AA488639F84EB8 = {
			isa = XCConfigurationList;
			buildConfigurations = (
				AA40640CCF9706480C7124A9,
				74DCD382211E91A4D464EB62,
			);
			defaultConfigurationIsVisible = 0;
			defaultConfigurationName = Debug;
		};
		B2560A2980DD416CDFC642F5 = {
			isa = XCConfigurationList;
			buildConfigurations = (
				DA31568FA33F4F62FC5E9E97,
				3DDC6AC9D80911BCB802F13E,
			);
			defaultConfigurationIsVisible = 0;
			defaultConfigurationName = Debug;
		};
		CA3F7C17FDF8F55BB701C785 = {
			isa = XCConfigurationList;
			buildConfigurations = (
				9BCFED52DAD567C2AE454333,
				36199B99170F4A5F2AB9D2D4,
			);
			defaultConfigurationIsVisible = 0;
			defaultConfigurationName = Debug;
		};
		EB899165951D349A3FE4CBA8 = {
			isa = XCConfigurationList;
			buildConfigurations = (
				5043076A58AE5694A2ED8364,
				B2B93E4AE9CB8F2C1EDFE00D,
			);
			defaultConfigurationIsVisible = 0;
			defaultConfigurationName = Debug;
		};
		FA959F117058B80F4EAB68E7 = {
			isa = XCConfigurationList;
			buildConfigurations = (
				12004DF6A4AD82AD9C26C9CA,
				BB713F3AAFDF09B98FE2389A,
			);
			defaultConfigurationIsVisible = 0;
			defaultConfigurationName = Debug;
		};
/* End XCConfigurationList section */
	};
	rootObject = 372EFD052B046644BA4A6C14 /* Project object */;
}
